// !$*UTF8*$!
{
	archiveVersion = 1;
	classes = {
	};
	objectVersion = 46;
	objects = {

/* Begin PBXBuildFile section */
		AC5A9BF07574EBE3DEB4D706 /* libPods-Faveo Helpdesk Community.a in Frameworks */ = {isa = PBXBuildFile; fileRef = 02C3565B4D9122515237948C /* libPods-Faveo Helpdesk Community.a */; };
		D94371561DF8050800DB7376 /* faveoData.plist in Resources */ = {isa = PBXBuildFile; fileRef = D94371551DF8050800DB7376 /* faveoData.plist */; };
		D94371931DF805D800DB7376 /* IQNSArray+Sort.m in Sources */ = {isa = PBXBuildFile; fileRef = D943715B1DF805D800DB7376 /* IQNSArray+Sort.m */; };
		D94371941DF805D800DB7376 /* IQUIScrollView+Additions.m in Sources */ = {isa = PBXBuildFile; fileRef = D943715D1DF805D800DB7376 /* IQUIScrollView+Additions.m */; };
		D94371951DF805D800DB7376 /* IQUITextFieldView+Additions.m in Sources */ = {isa = PBXBuildFile; fileRef = D943715F1DF805D800DB7376 /* IQUITextFieldView+Additions.m */; };
		D94371961DF805D800DB7376 /* IQUIView+Hierarchy.m in Sources */ = {isa = PBXBuildFile; fileRef = D94371611DF805D800DB7376 /* IQUIView+Hierarchy.m */; };
		D94371971DF805D800DB7376 /* IQUIViewController+Additions.m in Sources */ = {isa = PBXBuildFile; fileRef = D94371631DF805D800DB7376 /* IQUIViewController+Additions.m */; };
		D94371981DF805D800DB7376 /* IQUIWindow+Hierarchy.m in Sources */ = {isa = PBXBuildFile; fileRef = D94371651DF805D800DB7376 /* IQUIWindow+Hierarchy.m */; };
		D94371991DF805D800DB7376 /* IQKeyboardManager.m in Sources */ = {isa = PBXBuildFile; fileRef = D943716A1DF805D800DB7376 /* IQKeyboardManager.m */; };
		D943719A1DF805D800DB7376 /* IQKeyboardReturnKeyHandler.m in Sources */ = {isa = PBXBuildFile; fileRef = D943716C1DF805D800DB7376 /* IQKeyboardReturnKeyHandler.m */; };
		D943719B1DF805D800DB7376 /* IQTextView.m in Sources */ = {isa = PBXBuildFile; fileRef = D943716F1DF805D800DB7376 /* IQTextView.m */; };
		D943719C1DF805D800DB7376 /* IQBarButtonItem.m in Sources */ = {isa = PBXBuildFile; fileRef = D94371721DF805D800DB7376 /* IQBarButtonItem.m */; };
		D943719D1DF805D800DB7376 /* IQPreviousNextView.m in Sources */ = {isa = PBXBuildFile; fileRef = D94371741DF805D800DB7376 /* IQPreviousNextView.m */; };
		D943719E1DF805D800DB7376 /* IQTitleBarButtonItem.m in Sources */ = {isa = PBXBuildFile; fileRef = D94371761DF805D800DB7376 /* IQTitleBarButtonItem.m */; };
		D943719F1DF805D800DB7376 /* IQToolbar.m in Sources */ = {isa = PBXBuildFile; fileRef = D94371781DF805D800DB7376 /* IQToolbar.m */; };
		D94371A01DF805D800DB7376 /* IQUIView+IQKeyboardToolbar.m in Sources */ = {isa = PBXBuildFile; fileRef = D943717A1DF805D800DB7376 /* IQUIView+IQKeyboardToolbar.m */; };
		D94371A11DF805D800DB7376 /* IQKeyboardManager.bundle in Resources */ = {isa = PBXBuildFile; fileRef = D943717C1DF805D800DB7376 /* IQKeyboardManager.bundle */; };
		D94371AD1DF8064200DB7376 /* Reachability.m in Sources */ = {isa = PBXBuildFile; fileRef = D94371AC1DF8064200DB7376 /* Reachability.m */; };
		D94371B01DF8065300DB7376 /* MBProgressHUD.m in Sources */ = {isa = PBXBuildFile; fileRef = D94371AF1DF8065300DB7376 /* MBProgressHUD.m */; };
		D94371C71DF80B8500DB7376 /* AbstractActionSheetPicker.m in Sources */ = {isa = PBXBuildFile; fileRef = D94371B41DF80B8500DB7376 /* AbstractActionSheetPicker.m */; };
		D94371C81DF80B8500DB7376 /* ActionSheetCustomPicker.m in Sources */ = {isa = PBXBuildFile; fileRef = D94371B61DF80B8500DB7376 /* ActionSheetCustomPicker.m */; };
		D94371C91DF80B8500DB7376 /* ActionSheetDatePicker.m in Sources */ = {isa = PBXBuildFile; fileRef = D94371B91DF80B8500DB7376 /* ActionSheetDatePicker.m */; };
		D94371CA1DF80B8500DB7376 /* ActionSheetDistancePicker.m in Sources */ = {isa = PBXBuildFile; fileRef = D94371BB1DF80B8500DB7376 /* ActionSheetDistancePicker.m */; };
		D94371CB1DF80B8500DB7376 /* ActionSheetLocalePicker.m in Sources */ = {isa = PBXBuildFile; fileRef = D94371BD1DF80B8500DB7376 /* ActionSheetLocalePicker.m */; };
		D94371CC1DF80B8500DB7376 /* ActionSheetMultipleStringPicker.m in Sources */ = {isa = PBXBuildFile; fileRef = D94371BF1DF80B8500DB7376 /* ActionSheetMultipleStringPicker.m */; };
		D94371CD1DF80B8500DB7376 /* ActionSheetStringPicker.m in Sources */ = {isa = PBXBuildFile; fileRef = D94371C21DF80B8500DB7376 /* ActionSheetStringPicker.m */; };
		D94371CE1DF80B8500DB7376 /* DistancePickerView.m in Sources */ = {isa = PBXBuildFile; fileRef = D94371C41DF80B8500DB7376 /* DistancePickerView.m */; };
		D94371CF1DF80B8500DB7376 /* SWActionSheet.m in Sources */ = {isa = PBXBuildFile; fileRef = D94371C61DF80B8500DB7376 /* SWActionSheet.m */; };
		D94371D61DF80BFC00DB7376 /* CNPPopupController.m in Sources */ = {isa = PBXBuildFile; fileRef = D94371D51DF80BFC00DB7376 /* CNPPopupController.m */; };
		D94371D91DF80C0800DB7376 /* HexColors.m in Sources */ = {isa = PBXBuildFile; fileRef = D94371D81DF80C0800DB7376 /* HexColors.m */; };
		D94371E71DF80C2700DB7376 /* SlideNavigationController.m in Sources */ = {isa = PBXBuildFile; fileRef = D94371DB1DF80C2700DB7376 /* SlideNavigationController.m */; };
		D94371E81DF80C2700DB7376 /* SlideNavigationContorllerAnimatorFade.m in Sources */ = {isa = PBXBuildFile; fileRef = D94371DE1DF80C2700DB7376 /* SlideNavigationContorllerAnimatorFade.m */; };
		D94371E91DF80C2700DB7376 /* SlideNavigationContorllerAnimatorScale.m in Sources */ = {isa = PBXBuildFile; fileRef = D94371E01DF80C2700DB7376 /* SlideNavigationContorllerAnimatorScale.m */; };
		D94371EA1DF80C2700DB7376 /* SlideNavigationContorllerAnimatorScaleAndFade.m in Sources */ = {isa = PBXBuildFile; fileRef = D94371E21DF80C2700DB7376 /* SlideNavigationContorllerAnimatorScaleAndFade.m */; };
		D94371EB1DF80C2700DB7376 /* SlideNavigationContorllerAnimatorSlide.m in Sources */ = {isa = PBXBuildFile; fileRef = D94371E41DF80C2700DB7376 /* SlideNavigationContorllerAnimatorSlide.m */; };
		D94371EC1DF80C2700DB7376 /* SlideNavigationContorllerAnimatorSlideAndFade.m in Sources */ = {isa = PBXBuildFile; fileRef = D94371E61DF80C2700DB7376 /* SlideNavigationContorllerAnimatorSlideAndFade.m */; };
		D94371F31DF80DA300DB7376 /* Webservice.m in Sources */ = {isa = PBXBuildFile; fileRef = D94371EF1DF80DA300DB7376 /* Webservice.m */; };
		D94371F41DF80DA300DB7376 /* NetworkApi.m in Sources */ = {isa = PBXBuildFile; fileRef = D94371F11DF80DA300DB7376 /* NetworkApi.m */; };
		D94371F81DF8104800DB7376 /* SystemConfiguration.framework in Frameworks */ = {isa = PBXBuildFile; fileRef = D94371F71DF8104800DB7376 /* SystemConfiguration.framework */; };
		D94371FA1DF8105500DB7376 /* Foundation.framework in Frameworks */ = {isa = PBXBuildFile; fileRef = D94371F91DF8105500DB7376 /* Foundation.framework */; };
		D94371FC1DF8105C00DB7376 /* CoreGraphics.framework in Frameworks */ = {isa = PBXBuildFile; fileRef = D94371FB1DF8105C00DB7376 /* CoreGraphics.framework */; };
		D94371FE1DF8107400DB7376 /* UIKit.framework in Frameworks */ = {isa = PBXBuildFile; fileRef = D94371FD1DF8107400DB7376 /* UIKit.framework */; };
		D94372091DF8148D00DB7376 /* Data.m in Sources */ = {isa = PBXBuildFile; fileRef = D94372061DF8148D00DB7376 /* Data.m */; };
		D943720A1DF8148D00DB7376 /* GlobalVariables.m in Sources */ = {isa = PBXBuildFile; fileRef = D94372081DF8148D00DB7376 /* GlobalVariables.m */; };
		D943720D1DF814B900DB7376 /* MyWebservices.m in Sources */ = {isa = PBXBuildFile; fileRef = D943720C1DF814B900DB7376 /* MyWebservices.m */; };
		D94372101DF814DE00DB7376 /* Utils.m in Sources */ = {isa = PBXBuildFile; fileRef = D943720F1DF814DE00DB7376 /* Utils.m */; };
		D94372231DF8151100DB7376 /* TicketTableViewCell.m in Sources */ = {isa = PBXBuildFile; fileRef = D94372121DF8151100DB7376 /* TicketTableViewCell.m */; };
		D94372241DF8151100DB7376 /* TicketTableViewCell.xib in Resources */ = {isa = PBXBuildFile; fileRef = D94372131DF8151100DB7376 /* TicketTableViewCell.xib */; };
		D94372251DF8151100DB7376 /* ClientListTableViewCell.m in Sources */ = {isa = PBXBuildFile; fileRef = D94372151DF8151100DB7376 /* ClientListTableViewCell.m */; };
		D94372261DF8151100DB7376 /* ClientListTableViewCell.xib in Resources */ = {isa = PBXBuildFile; fileRef = D94372161DF8151100DB7376 /* ClientListTableViewCell.xib */; };
		D94372271DF8151100DB7376 /* ClientTicketTableViewCell.m in Sources */ = {isa = PBXBuildFile; fileRef = D94372181DF8151100DB7376 /* ClientTicketTableViewCell.m */; };
		D94372281DF8151100DB7376 /* ClientTicketTableViewCell.xib in Resources */ = {isa = PBXBuildFile; fileRef = D94372191DF8151100DB7376 /* ClientTicketTableViewCell.xib */; };
		D94372291DF8151100DB7376 /* ConversationTableViewCell.m in Sources */ = {isa = PBXBuildFile; fileRef = D943721B1DF8151100DB7376 /* ConversationTableViewCell.m */; };
		D943722A1DF8151100DB7376 /* ConversationTableViewCell.xib in Resources */ = {isa = PBXBuildFile; fileRef = D943721C1DF8151100DB7376 /* ConversationTableViewCell.xib */; };
		D943722B1DF8151100DB7376 /* OpenCloseTableViewCell.m in Sources */ = {isa = PBXBuildFile; fileRef = D943721E1DF8151100DB7376 /* OpenCloseTableViewCell.m */; };
		D943722C1DF8151100DB7376 /* OpenCloseTableViewCell.xib in Resources */ = {isa = PBXBuildFile; fileRef = D943721F1DF8151100DB7376 /* OpenCloseTableViewCell.xib */; };
		D943722D1DF8151100DB7376 /* LoadingTableViewCell.m in Sources */ = {isa = PBXBuildFile; fileRef = D94372211DF8151100DB7376 /* LoadingTableViewCell.m */; };
		D943722E1DF8151100DB7376 /* LoadingTableViewCell.xib in Resources */ = {isa = PBXBuildFile; fileRef = D94372221DF8151100DB7376 /* LoadingTableViewCell.xib */; };
		D943724B1DF8153400DB7376 /* LeftMenuViewController.m in Sources */ = {isa = PBXBuildFile; fileRef = D94372301DF8153400DB7376 /* LeftMenuViewController.m */; };
		D943724C1DF8153400DB7376 /* LoginViewController.m in Sources */ = {isa = PBXBuildFile; fileRef = D94372321DF8153400DB7376 /* LoginViewController.m */; };
		D943724D1DF8153400DB7376 /* UnassignedTicketsViewController.m in Sources */ = {isa = PBXBuildFile; fileRef = D94372341DF8153400DB7376 /* UnassignedTicketsViewController.m */; };
		D943724E1DF8153400DB7376 /* ClientListViewController.m in Sources */ = {isa = PBXBuildFile; fileRef = D94372361DF8153400DB7376 /* ClientListViewController.m */; };
		D943724F1DF8153400DB7376 /* TrashTicketsViewController.m in Sources */ = {isa = PBXBuildFile; fileRef = D94372381DF8153400DB7376 /* TrashTicketsViewController.m */; };
		D94372501DF8153400DB7376 /* ClosedTicketsViewController.m in Sources */ = {isa = PBXBuildFile; fileRef = D943723A1DF8153400DB7376 /* ClosedTicketsViewController.m */; };
		D94372511DF8153400DB7376 /* MyTicketsViewController.m in Sources */ = {isa = PBXBuildFile; fileRef = D943723C1DF8153400DB7376 /* MyTicketsViewController.m */; };
		D94372521DF8153400DB7376 /* CreateTicketViewController.m in Sources */ = {isa = PBXBuildFile; fileRef = D943723E1DF8153400DB7376 /* CreateTicketViewController.m */; };
		D94372531DF8153400DB7376 /* InboxViewController.m in Sources */ = {isa = PBXBuildFile; fileRef = D94372401DF8153400DB7376 /* InboxViewController.m */; };
		D94372541DF8153400DB7376 /* TicketDetailViewController.m in Sources */ = {isa = PBXBuildFile; fileRef = D94372421DF8153400DB7376 /* TicketDetailViewController.m */; };
		D94372551DF8153400DB7376 /* AboutViewController.m in Sources */ = {isa = PBXBuildFile; fileRef = D94372441DF8153400DB7376 /* AboutViewController.m */; };
		D94372561DF8153400DB7376 /* ClientDetailViewController.m in Sources */ = {isa = PBXBuildFile; fileRef = D94372461DF8153400DB7376 /* ClientDetailViewController.m */; };
		D94372571DF8153400DB7376 /* ConversationViewController.m in Sources */ = {isa = PBXBuildFile; fileRef = D94372481DF8153400DB7376 /* ConversationViewController.m */; };
		D94372581DF8153400DB7376 /* DetailViewController.m in Sources */ = {isa = PBXBuildFile; fileRef = D943724A1DF8153400DB7376 /* DetailViewController.m */; };
		D9787A921DF800B6009C745F /* main.m in Sources */ = {isa = PBXBuildFile; fileRef = D9787A911DF800B6009C745F /* main.m */; };
		D9787A951DF800B6009C745F /* AppDelegate.m in Sources */ = {isa = PBXBuildFile; fileRef = D9787A941DF800B6009C745F /* AppDelegate.m */; };
		D9787A9B1DF800B6009C745F /* Main.storyboard in Resources */ = {isa = PBXBuildFile; fileRef = D9787A991DF800B6009C745F /* Main.storyboard */; };
		D9787A9D1DF800B6009C745F /* Assets.xcassets in Resources */ = {isa = PBXBuildFile; fileRef = D9787A9C1DF800B6009C745F /* Assets.xcassets */; };
		D9787AA01DF800B6009C745F /* LaunchScreen.storyboard in Resources */ = {isa = PBXBuildFile; fileRef = D9787A9E1DF800B6009C745F /* LaunchScreen.storyboard */; };
		D9787AAB1DF800B6009C745F /* Faveo_Helpdesk_CommunityTests.m in Sources */ = {isa = PBXBuildFile; fileRef = D9787AAA1DF800B6009C745F /* Faveo_Helpdesk_CommunityTests.m */; };
		D9787AB61DF800B6009C745F /* Faveo_Helpdesk_CommunityUITests.m in Sources */ = {isa = PBXBuildFile; fileRef = D9787AB51DF800B6009C745F /* Faveo_Helpdesk_CommunityUITests.m */; };
/* End PBXBuildFile section */

/* Begin PBXContainerItemProxy section */
		D9787AA71DF800B6009C745F /* PBXContainerItemProxy */ = {
			isa = PBXContainerItemProxy;
			containerPortal = D9787A851DF800B6009C745F /* Project object */;
			proxyType = 1;
			remoteGlobalIDString = D9787A8C1DF800B6009C745F;
			remoteInfo = "Faveo Helpdesk Community";
		};
		D9787AB21DF800B6009C745F /* PBXContainerItemProxy */ = {
			isa = PBXContainerItemProxy;
			containerPortal = D9787A851DF800B6009C745F /* Project object */;
			proxyType = 1;
			remoteGlobalIDString = D9787A8C1DF800B6009C745F;
			remoteInfo = "Faveo Helpdesk Community";
		};
/* End PBXContainerItemProxy section */

/* Begin PBXFileReference section */
		02C3565B4D9122515237948C /* libPods-Faveo Helpdesk Community.a */ = {isa = PBXFileReference; explicitFileType = archive.ar; includeInIndex = 0; path = "libPods-Faveo Helpdesk Community.a"; sourceTree = BUILT_PRODUCTS_DIR; };
		5FF0F057EB1F20D172FC8AF6 /* Pods-Faveo Helpdesk Community.release.xcconfig */ = {isa = PBXFileReference; includeInIndex = 1; lastKnownFileType = text.xcconfig; name = "Pods-Faveo Helpdesk Community.release.xcconfig"; path = "Pods/Target Support Files/Pods-Faveo Helpdesk Community/Pods-Faveo Helpdesk Community.release.xcconfig"; sourceTree = "<group>"; };
		6BE020171D2568124BA38143 /* Pods-Faveo Helpdesk Community.debug.xcconfig */ = {isa = PBXFileReference; includeInIndex = 1; lastKnownFileType = text.xcconfig; name = "Pods-Faveo Helpdesk Community.debug.xcconfig"; path = "Pods/Target Support Files/Pods-Faveo Helpdesk Community/Pods-Faveo Helpdesk Community.debug.xcconfig"; sourceTree = "<group>"; };
		D94371551DF8050800DB7376 /* faveoData.plist */ = {isa = PBXFileReference; fileEncoding = 4; lastKnownFileType = text.plist.xml; path = faveoData.plist; sourceTree = "<group>"; };
		D943715A1DF805D800DB7376 /* IQNSArray+Sort.h */ = {isa = PBXFileReference; fileEncoding = 4; lastKnownFileType = sourcecode.c.h; path = "IQNSArray+Sort.h"; sourceTree = "<group>"; };
		D943715B1DF805D800DB7376 /* IQNSArray+Sort.m */ = {isa = PBXFileReference; fileEncoding = 4; lastKnownFileType = sourcecode.c.objc; path = "IQNSArray+Sort.m"; sourceTree = "<group>"; };
		D943715C1DF805D800DB7376 /* IQUIScrollView+Additions.h */ = {isa = PBXFileReference; fileEncoding = 4; lastKnownFileType = sourcecode.c.h; path = "IQUIScrollView+Additions.h"; sourceTree = "<group>"; };
		D943715D1DF805D800DB7376 /* IQUIScrollView+Additions.m */ = {isa = PBXFileReference; fileEncoding = 4; lastKnownFileType = sourcecode.c.objc; path = "IQUIScrollView+Additions.m"; sourceTree = "<group>"; };
		D943715E1DF805D800DB7376 /* IQUITextFieldView+Additions.h */ = {isa = PBXFileReference; fileEncoding = 4; lastKnownFileType = sourcecode.c.h; path = "IQUITextFieldView+Additions.h"; sourceTree = "<group>"; };
		D943715F1DF805D800DB7376 /* IQUITextFieldView+Additions.m */ = {isa = PBXFileReference; fileEncoding = 4; lastKnownFileType = sourcecode.c.objc; path = "IQUITextFieldView+Additions.m"; sourceTree = "<group>"; };
		D94371601DF805D800DB7376 /* IQUIView+Hierarchy.h */ = {isa = PBXFileReference; fileEncoding = 4; lastKnownFileType = sourcecode.c.h; path = "IQUIView+Hierarchy.h"; sourceTree = "<group>"; };
		D94371611DF805D800DB7376 /* IQUIView+Hierarchy.m */ = {isa = PBXFileReference; fileEncoding = 4; lastKnownFileType = sourcecode.c.objc; path = "IQUIView+Hierarchy.m"; sourceTree = "<group>"; };
		D94371621DF805D800DB7376 /* IQUIViewController+Additions.h */ = {isa = PBXFileReference; fileEncoding = 4; lastKnownFileType = sourcecode.c.h; path = "IQUIViewController+Additions.h"; sourceTree = "<group>"; };
		D94371631DF805D800DB7376 /* IQUIViewController+Additions.m */ = {isa = PBXFileReference; fileEncoding = 4; lastKnownFileType = sourcecode.c.objc; path = "IQUIViewController+Additions.m"; sourceTree = "<group>"; };
		D94371641DF805D800DB7376 /* IQUIWindow+Hierarchy.h */ = {isa = PBXFileReference; fileEncoding = 4; lastKnownFileType = sourcecode.c.h; path = "IQUIWindow+Hierarchy.h"; sourceTree = "<group>"; };
		D94371651DF805D800DB7376 /* IQUIWindow+Hierarchy.m */ = {isa = PBXFileReference; fileEncoding = 4; lastKnownFileType = sourcecode.c.objc; path = "IQUIWindow+Hierarchy.m"; sourceTree = "<group>"; };
		D94371671DF805D800DB7376 /* IQKeyboardManagerConstants.h */ = {isa = PBXFileReference; fileEncoding = 4; lastKnownFileType = sourcecode.c.h; path = IQKeyboardManagerConstants.h; sourceTree = "<group>"; };
		D94371681DF805D800DB7376 /* IQKeyboardManagerConstantsInternal.h */ = {isa = PBXFileReference; fileEncoding = 4; lastKnownFileType = sourcecode.c.h; path = IQKeyboardManagerConstantsInternal.h; sourceTree = "<group>"; };
		D94371691DF805D800DB7376 /* IQKeyboardManager.h */ = {isa = PBXFileReference; fileEncoding = 4; lastKnownFileType = sourcecode.c.h; path = IQKeyboardManager.h; sourceTree = "<group>"; };
		D943716A1DF805D800DB7376 /* IQKeyboardManager.m */ = {isa = PBXFileReference; fileEncoding = 4; lastKnownFileType = sourcecode.c.objc; path = IQKeyboardManager.m; sourceTree = "<group>"; };
		D943716B1DF805D800DB7376 /* IQKeyboardReturnKeyHandler.h */ = {isa = PBXFileReference; fileEncoding = 4; lastKnownFileType = sourcecode.c.h; path = IQKeyboardReturnKeyHandler.h; sourceTree = "<group>"; };
		D943716C1DF805D800DB7376 /* IQKeyboardReturnKeyHandler.m */ = {isa = PBXFileReference; fileEncoding = 4; lastKnownFileType = sourcecode.c.objc; path = IQKeyboardReturnKeyHandler.m; sourceTree = "<group>"; };
		D943716E1DF805D800DB7376 /* IQTextView.h */ = {isa = PBXFileReference; fileEncoding = 4; lastKnownFileType = sourcecode.c.h; path = IQTextView.h; sourceTree = "<group>"; };
		D943716F1DF805D800DB7376 /* IQTextView.m */ = {isa = PBXFileReference; fileEncoding = 4; lastKnownFileType = sourcecode.c.objc; path = IQTextView.m; sourceTree = "<group>"; };
		D94371711DF805D800DB7376 /* IQBarButtonItem.h */ = {isa = PBXFileReference; fileEncoding = 4; lastKnownFileType = sourcecode.c.h; path = IQBarButtonItem.h; sourceTree = "<group>"; };
		D94371721DF805D800DB7376 /* IQBarButtonItem.m */ = {isa = PBXFileReference; fileEncoding = 4; lastKnownFileType = sourcecode.c.objc; path = IQBarButtonItem.m; sourceTree = "<group>"; };
		D94371731DF805D800DB7376 /* IQPreviousNextView.h */ = {isa = PBXFileReference; fileEncoding = 4; lastKnownFileType = sourcecode.c.h; path = IQPreviousNextView.h; sourceTree = "<group>"; };
		D94371741DF805D800DB7376 /* IQPreviousNextView.m */ = {isa = PBXFileReference; fileEncoding = 4; lastKnownFileType = sourcecode.c.objc; path = IQPreviousNextView.m; sourceTree = "<group>"; };
		D94371751DF805D800DB7376 /* IQTitleBarButtonItem.h */ = {isa = PBXFileReference; fileEncoding = 4; lastKnownFileType = sourcecode.c.h; path = IQTitleBarButtonItem.h; sourceTree = "<group>"; };
		D94371761DF805D800DB7376 /* IQTitleBarButtonItem.m */ = {isa = PBXFileReference; fileEncoding = 4; lastKnownFileType = sourcecode.c.objc; path = IQTitleBarButtonItem.m; sourceTree = "<group>"; };
		D94371771DF805D800DB7376 /* IQToolbar.h */ = {isa = PBXFileReference; fileEncoding = 4; lastKnownFileType = sourcecode.c.h; path = IQToolbar.h; sourceTree = "<group>"; };
		D94371781DF805D800DB7376 /* IQToolbar.m */ = {isa = PBXFileReference; fileEncoding = 4; lastKnownFileType = sourcecode.c.objc; path = IQToolbar.m; sourceTree = "<group>"; };
		D94371791DF805D800DB7376 /* IQUIView+IQKeyboardToolbar.h */ = {isa = PBXFileReference; fileEncoding = 4; lastKnownFileType = sourcecode.c.h; path = "IQUIView+IQKeyboardToolbar.h"; sourceTree = "<group>"; };
		D943717A1DF805D800DB7376 /* IQUIView+IQKeyboardToolbar.m */ = {isa = PBXFileReference; fileEncoding = 4; lastKnownFileType = sourcecode.c.objc; path = "IQUIView+IQKeyboardToolbar.m"; sourceTree = "<group>"; };
		D943717C1DF805D800DB7376 /* IQKeyboardManager.bundle */ = {isa = PBXFileReference; lastKnownFileType = "wrapper.plug-in"; path = IQKeyboardManager.bundle; sourceTree = "<group>"; };
		D94371AB1DF8064200DB7376 /* Reachability.h */ = {isa = PBXFileReference; fileEncoding = 4; lastKnownFileType = sourcecode.c.h; path = Reachability.h; sourceTree = "<group>"; };
		D94371AC1DF8064200DB7376 /* Reachability.m */ = {isa = PBXFileReference; fileEncoding = 4; lastKnownFileType = sourcecode.c.objc; path = Reachability.m; sourceTree = "<group>"; };
		D94371AE1DF8065300DB7376 /* MBProgressHUD.h */ = {isa = PBXFileReference; fileEncoding = 4; lastKnownFileType = sourcecode.c.h; path = MBProgressHUD.h; sourceTree = "<group>"; };
		D94371AF1DF8065300DB7376 /* MBProgressHUD.m */ = {isa = PBXFileReference; fileEncoding = 4; lastKnownFileType = sourcecode.c.objc; path = MBProgressHUD.m; sourceTree = "<group>"; };
		D94371B31DF80B8500DB7376 /* AbstractActionSheetPicker.h */ = {isa = PBXFileReference; fileEncoding = 4; lastKnownFileType = sourcecode.c.h; path = AbstractActionSheetPicker.h; sourceTree = "<group>"; };
		D94371B41DF80B8500DB7376 /* AbstractActionSheetPicker.m */ = {isa = PBXFileReference; fileEncoding = 4; lastKnownFileType = sourcecode.c.objc; path = AbstractActionSheetPicker.m; sourceTree = "<group>"; };
		D94371B51DF80B8500DB7376 /* ActionSheetCustomPicker.h */ = {isa = PBXFileReference; fileEncoding = 4; lastKnownFileType = sourcecode.c.h; path = ActionSheetCustomPicker.h; sourceTree = "<group>"; };
		D94371B61DF80B8500DB7376 /* ActionSheetCustomPicker.m */ = {isa = PBXFileReference; fileEncoding = 4; lastKnownFileType = sourcecode.c.objc; path = ActionSheetCustomPicker.m; sourceTree = "<group>"; };
		D94371B71DF80B8500DB7376 /* ActionSheetCustomPickerDelegate.h */ = {isa = PBXFileReference; fileEncoding = 4; lastKnownFileType = sourcecode.c.h; path = ActionSheetCustomPickerDelegate.h; sourceTree = "<group>"; };
		D94371B81DF80B8500DB7376 /* ActionSheetDatePicker.h */ = {isa = PBXFileReference; fileEncoding = 4; lastKnownFileType = sourcecode.c.h; path = ActionSheetDatePicker.h; sourceTree = "<group>"; };
		D94371B91DF80B8500DB7376 /* ActionSheetDatePicker.m */ = {isa = PBXFileReference; fileEncoding = 4; lastKnownFileType = sourcecode.c.objc; path = ActionSheetDatePicker.m; sourceTree = "<group>"; };
		D94371BA1DF80B8500DB7376 /* ActionSheetDistancePicker.h */ = {isa = PBXFileReference; fileEncoding = 4; lastKnownFileType = sourcecode.c.h; path = ActionSheetDistancePicker.h; sourceTree = "<group>"; };
		D94371BB1DF80B8500DB7376 /* ActionSheetDistancePicker.m */ = {isa = PBXFileReference; fileEncoding = 4; lastKnownFileType = sourcecode.c.objc; path = ActionSheetDistancePicker.m; sourceTree = "<group>"; };
		D94371BC1DF80B8500DB7376 /* ActionSheetLocalePicker.h */ = {isa = PBXFileReference; fileEncoding = 4; lastKnownFileType = sourcecode.c.h; path = ActionSheetLocalePicker.h; sourceTree = "<group>"; };
		D94371BD1DF80B8500DB7376 /* ActionSheetLocalePicker.m */ = {isa = PBXFileReference; fileEncoding = 4; lastKnownFileType = sourcecode.c.objc; path = ActionSheetLocalePicker.m; sourceTree = "<group>"; };
		D94371BE1DF80B8500DB7376 /* ActionSheetMultipleStringPicker.h */ = {isa = PBXFileReference; fileEncoding = 4; lastKnownFileType = sourcecode.c.h; path = ActionSheetMultipleStringPicker.h; sourceTree = "<group>"; };
		D94371BF1DF80B8500DB7376 /* ActionSheetMultipleStringPicker.m */ = {isa = PBXFileReference; fileEncoding = 4; lastKnownFileType = sourcecode.c.objc; path = ActionSheetMultipleStringPicker.m; sourceTree = "<group>"; };
		D94371C01DF80B8500DB7376 /* ActionSheetPicker.h */ = {isa = PBXFileReference; fileEncoding = 4; lastKnownFileType = sourcecode.c.h; path = ActionSheetPicker.h; sourceTree = "<group>"; };
		D94371C11DF80B8500DB7376 /* ActionSheetStringPicker.h */ = {isa = PBXFileReference; fileEncoding = 4; lastKnownFileType = sourcecode.c.h; path = ActionSheetStringPicker.h; sourceTree = "<group>"; };
		D94371C21DF80B8500DB7376 /* ActionSheetStringPicker.m */ = {isa = PBXFileReference; fileEncoding = 4; lastKnownFileType = sourcecode.c.objc; path = ActionSheetStringPicker.m; sourceTree = "<group>"; };
		D94371C31DF80B8500DB7376 /* DistancePickerView.h */ = {isa = PBXFileReference; fileEncoding = 4; lastKnownFileType = sourcecode.c.h; path = DistancePickerView.h; sourceTree = "<group>"; };
		D94371C41DF80B8500DB7376 /* DistancePickerView.m */ = {isa = PBXFileReference; fileEncoding = 4; lastKnownFileType = sourcecode.c.objc; path = DistancePickerView.m; sourceTree = "<group>"; };
		D94371C51DF80B8500DB7376 /* SWActionSheet.h */ = {isa = PBXFileReference; fileEncoding = 4; lastKnownFileType = sourcecode.c.h; path = SWActionSheet.h; sourceTree = "<group>"; };
		D94371C61DF80B8500DB7376 /* SWActionSheet.m */ = {isa = PBXFileReference; fileEncoding = 4; lastKnownFileType = sourcecode.c.objc; path = SWActionSheet.m; sourceTree = "<group>"; };
		D94371D41DF80BFC00DB7376 /* CNPPopupController.h */ = {isa = PBXFileReference; fileEncoding = 4; lastKnownFileType = sourcecode.c.h; path = CNPPopupController.h; sourceTree = "<group>"; };
		D94371D51DF80BFC00DB7376 /* CNPPopupController.m */ = {isa = PBXFileReference; fileEncoding = 4; lastKnownFileType = sourcecode.c.objc; path = CNPPopupController.m; sourceTree = "<group>"; };
		D94371D71DF80C0800DB7376 /* HexColors.h */ = {isa = PBXFileReference; fileEncoding = 4; lastKnownFileType = sourcecode.c.h; path = HexColors.h; sourceTree = "<group>"; };
		D94371D81DF80C0800DB7376 /* HexColors.m */ = {isa = PBXFileReference; fileEncoding = 4; lastKnownFileType = sourcecode.c.objc; path = HexColors.m; sourceTree = "<group>"; };
		D94371DA1DF80C2700DB7376 /* SlideNavigationController.h */ = {isa = PBXFileReference; fileEncoding = 4; lastKnownFileType = sourcecode.c.h; path = SlideNavigationController.h; sourceTree = "<group>"; };
		D94371DB1DF80C2700DB7376 /* SlideNavigationController.m */ = {isa = PBXFileReference; fileEncoding = 4; lastKnownFileType = sourcecode.c.objc; path = SlideNavigationController.m; sourceTree = "<group>"; };
		D94371DC1DF80C2700DB7376 /* SlideNavigationContorllerAnimator.h */ = {isa = PBXFileReference; fileEncoding = 4; lastKnownFileType = sourcecode.c.h; path = SlideNavigationContorllerAnimator.h; sourceTree = "<group>"; };
		D94371DD1DF80C2700DB7376 /* SlideNavigationContorllerAnimatorFade.h */ = {isa = PBXFileReference; fileEncoding = 4; lastKnownFileType = sourcecode.c.h; path = SlideNavigationContorllerAnimatorFade.h; sourceTree = "<group>"; };
		D94371DE1DF80C2700DB7376 /* SlideNavigationContorllerAnimatorFade.m */ = {isa = PBXFileReference; fileEncoding = 4; lastKnownFileType = sourcecode.c.objc; path = SlideNavigationContorllerAnimatorFade.m; sourceTree = "<group>"; };
		D94371DF1DF80C2700DB7376 /* SlideNavigationContorllerAnimatorScale.h */ = {isa = PBXFileReference; fileEncoding = 4; lastKnownFileType = sourcecode.c.h; path = SlideNavigationContorllerAnimatorScale.h; sourceTree = "<group>"; };
		D94371E01DF80C2700DB7376 /* SlideNavigationContorllerAnimatorScale.m */ = {isa = PBXFileReference; fileEncoding = 4; lastKnownFileType = sourcecode.c.objc; path = SlideNavigationContorllerAnimatorScale.m; sourceTree = "<group>"; };
		D94371E11DF80C2700DB7376 /* SlideNavigationContorllerAnimatorScaleAndFade.h */ = {isa = PBXFileReference; fileEncoding = 4; lastKnownFileType = sourcecode.c.h; path = SlideNavigationContorllerAnimatorScaleAndFade.h; sourceTree = "<group>"; };
		D94371E21DF80C2700DB7376 /* SlideNavigationContorllerAnimatorScaleAndFade.m */ = {isa = PBXFileReference; fileEncoding = 4; lastKnownFileType = sourcecode.c.objc; path = SlideNavigationContorllerAnimatorScaleAndFade.m; sourceTree = "<group>"; };
		D94371E31DF80C2700DB7376 /* SlideNavigationContorllerAnimatorSlide.h */ = {isa = PBXFileReference; fileEncoding = 4; lastKnownFileType = sourcecode.c.h; path = SlideNavigationContorllerAnimatorSlide.h; sourceTree = "<group>"; };
		D94371E41DF80C2700DB7376 /* SlideNavigationContorllerAnimatorSlide.m */ = {isa = PBXFileReference; fileEncoding = 4; lastKnownFileType = sourcecode.c.objc; path = SlideNavigationContorllerAnimatorSlide.m; sourceTree = "<group>"; };
		D94371E51DF80C2700DB7376 /* SlideNavigationContorllerAnimatorSlideAndFade.h */ = {isa = PBXFileReference; fileEncoding = 4; lastKnownFileType = sourcecode.c.h; path = SlideNavigationContorllerAnimatorSlideAndFade.h; sourceTree = "<group>"; };
		D94371E61DF80C2700DB7376 /* SlideNavigationContorllerAnimatorSlideAndFade.m */ = {isa = PBXFileReference; fileEncoding = 4; lastKnownFileType = sourcecode.c.objc; path = SlideNavigationContorllerAnimatorSlideAndFade.m; sourceTree = "<group>"; };
		D94371EE1DF80DA300DB7376 /* Webservice.h */ = {isa = PBXFileReference; fileEncoding = 4; lastKnownFileType = sourcecode.c.h; path = Webservice.h; sourceTree = "<group>"; };
		D94371EF1DF80DA300DB7376 /* Webservice.m */ = {isa = PBXFileReference; fileEncoding = 4; lastKnownFileType = sourcecode.c.objc; path = Webservice.m; sourceTree = "<group>"; };
		D94371F01DF80DA300DB7376 /* NetworkApi.h */ = {isa = PBXFileReference; fileEncoding = 4; lastKnownFileType = sourcecode.c.h; path = NetworkApi.h; sourceTree = "<group>"; };
		D94371F11DF80DA300DB7376 /* NetworkApi.m */ = {isa = PBXFileReference; fileEncoding = 4; lastKnownFileType = sourcecode.c.objc; path = NetworkApi.m; sourceTree = "<group>"; };
		D94371F21DF80DA300DB7376 /* AppConstanst.h */ = {isa = PBXFileReference; fileEncoding = 4; lastKnownFileType = sourcecode.c.h; path = AppConstanst.h; sourceTree = "<group>"; };
		D94371F71DF8104800DB7376 /* SystemConfiguration.framework */ = {isa = PBXFileReference; lastKnownFileType = wrapper.framework; name = SystemConfiguration.framework; path = System/Library/Frameworks/SystemConfiguration.framework; sourceTree = SDKROOT; };
		D94371F91DF8105500DB7376 /* Foundation.framework */ = {isa = PBXFileReference; lastKnownFileType = wrapper.framework; name = Foundation.framework; path = System/Library/Frameworks/Foundation.framework; sourceTree = SDKROOT; };
		D94371FB1DF8105C00DB7376 /* CoreGraphics.framework */ = {isa = PBXFileReference; lastKnownFileType = wrapper.framework; name = CoreGraphics.framework; path = System/Library/Frameworks/CoreGraphics.framework; sourceTree = SDKROOT; };
		D94371FD1DF8107400DB7376 /* UIKit.framework */ = {isa = PBXFileReference; lastKnownFileType = wrapper.framework; name = UIKit.framework; path = System/Library/Frameworks/UIKit.framework; sourceTree = SDKROOT; };
		D94372051DF8148D00DB7376 /* Data.h */ = {isa = PBXFileReference; fileEncoding = 4; lastKnownFileType = sourcecode.c.h; path = Data.h; sourceTree = "<group>"; };
		D94372061DF8148D00DB7376 /* Data.m */ = {isa = PBXFileReference; fileEncoding = 4; lastKnownFileType = sourcecode.c.objc; path = Data.m; sourceTree = "<group>"; };
		D94372071DF8148D00DB7376 /* GlobalVariables.h */ = {isa = PBXFileReference; fileEncoding = 4; lastKnownFileType = sourcecode.c.h; path = GlobalVariables.h; sourceTree = "<group>"; };
		D94372081DF8148D00DB7376 /* GlobalVariables.m */ = {isa = PBXFileReference; fileEncoding = 4; lastKnownFileType = sourcecode.c.objc; path = GlobalVariables.m; sourceTree = "<group>"; };
		D943720B1DF814B900DB7376 /* MyWebservices.h */ = {isa = PBXFileReference; fileEncoding = 4; lastKnownFileType = sourcecode.c.h; path = MyWebservices.h; sourceTree = "<group>"; };
		D943720C1DF814B900DB7376 /* MyWebservices.m */ = {isa = PBXFileReference; fileEncoding = 4; lastKnownFileType = sourcecode.c.objc; path = MyWebservices.m; sourceTree = "<group>"; };
		D943720E1DF814DE00DB7376 /* Utils.h */ = {isa = PBXFileReference; fileEncoding = 4; lastKnownFileType = sourcecode.c.h; path = Utils.h; sourceTree = "<group>"; };
		D943720F1DF814DE00DB7376 /* Utils.m */ = {isa = PBXFileReference; fileEncoding = 4; lastKnownFileType = sourcecode.c.objc; path = Utils.m; sourceTree = "<group>"; };
		D94372111DF8151100DB7376 /* TicketTableViewCell.h */ = {isa = PBXFileReference; fileEncoding = 4; lastKnownFileType = sourcecode.c.h; path = TicketTableViewCell.h; sourceTree = "<group>"; };
		D94372121DF8151100DB7376 /* TicketTableViewCell.m */ = {isa = PBXFileReference; fileEncoding = 4; lastKnownFileType = sourcecode.c.objc; path = TicketTableViewCell.m; sourceTree = "<group>"; };
		D94372131DF8151100DB7376 /* TicketTableViewCell.xib */ = {isa = PBXFileReference; fileEncoding = 4; lastKnownFileType = file.xib; path = TicketTableViewCell.xib; sourceTree = "<group>"; };
		D94372141DF8151100DB7376 /* ClientListTableViewCell.h */ = {isa = PBXFileReference; fileEncoding = 4; lastKnownFileType = sourcecode.c.h; path = ClientListTableViewCell.h; sourceTree = "<group>"; };
		D94372151DF8151100DB7376 /* ClientListTableViewCell.m */ = {isa = PBXFileReference; fileEncoding = 4; lastKnownFileType = sourcecode.c.objc; path = ClientListTableViewCell.m; sourceTree = "<group>"; };
		D94372161DF8151100DB7376 /* ClientListTableViewCell.xib */ = {isa = PBXFileReference; fileEncoding = 4; lastKnownFileType = file.xib; path = ClientListTableViewCell.xib; sourceTree = "<group>"; };
		D94372171DF8151100DB7376 /* ClientTicketTableViewCell.h */ = {isa = PBXFileReference; fileEncoding = 4; lastKnownFileType = sourcecode.c.h; path = ClientTicketTableViewCell.h; sourceTree = "<group>"; };
		D94372181DF8151100DB7376 /* ClientTicketTableViewCell.m */ = {isa = PBXFileReference; fileEncoding = 4; lastKnownFileType = sourcecode.c.objc; path = ClientTicketTableViewCell.m; sourceTree = "<group>"; };
		D94372191DF8151100DB7376 /* ClientTicketTableViewCell.xib */ = {isa = PBXFileReference; fileEncoding = 4; lastKnownFileType = file.xib; path = ClientTicketTableViewCell.xib; sourceTree = "<group>"; };
		D943721A1DF8151100DB7376 /* ConversationTableViewCell.h */ = {isa = PBXFileReference; fileEncoding = 4; lastKnownFileType = sourcecode.c.h; path = ConversationTableViewCell.h; sourceTree = "<group>"; };
		D943721B1DF8151100DB7376 /* ConversationTableViewCell.m */ = {isa = PBXFileReference; fileEncoding = 4; lastKnownFileType = sourcecode.c.objc; path = ConversationTableViewCell.m; sourceTree = "<group>"; };
		D943721C1DF8151100DB7376 /* ConversationTableViewCell.xib */ = {isa = PBXFileReference; fileEncoding = 4; lastKnownFileType = file.xib; path = ConversationTableViewCell.xib; sourceTree = "<group>"; };
		D943721D1DF8151100DB7376 /* OpenCloseTableViewCell.h */ = {isa = PBXFileReference; fileEncoding = 4; lastKnownFileType = sourcecode.c.h; path = OpenCloseTableViewCell.h; sourceTree = "<group>"; };
		D943721E1DF8151100DB7376 /* OpenCloseTableViewCell.m */ = {isa = PBXFileReference; fileEncoding = 4; lastKnownFileType = sourcecode.c.objc; path = OpenCloseTableViewCell.m; sourceTree = "<group>"; };
		D943721F1DF8151100DB7376 /* OpenCloseTableViewCell.xib */ = {isa = PBXFileReference; fileEncoding = 4; lastKnownFileType = file.xib; path = OpenCloseTableViewCell.xib; sourceTree = "<group>"; };
		D94372201DF8151100DB7376 /* LoadingTableViewCell.h */ = {isa = PBXFileReference; fileEncoding = 4; lastKnownFileType = sourcecode.c.h; path = LoadingTableViewCell.h; sourceTree = "<group>"; };
		D94372211DF8151100DB7376 /* LoadingTableViewCell.m */ = {isa = PBXFileReference; fileEncoding = 4; lastKnownFileType = sourcecode.c.objc; path = LoadingTableViewCell.m; sourceTree = "<group>"; };
		D94372221DF8151100DB7376 /* LoadingTableViewCell.xib */ = {isa = PBXFileReference; fileEncoding = 4; lastKnownFileType = file.xib; path = LoadingTableViewCell.xib; sourceTree = "<group>"; };
		D943722F1DF8153400DB7376 /* LeftMenuViewController.h */ = {isa = PBXFileReference; fileEncoding = 4; lastKnownFileType = sourcecode.c.h; path = LeftMenuViewController.h; sourceTree = "<group>"; };
		D94372301DF8153400DB7376 /* LeftMenuViewController.m */ = {isa = PBXFileReference; fileEncoding = 4; lastKnownFileType = sourcecode.c.objc; path = LeftMenuViewController.m; sourceTree = "<group>"; };
		D94372311DF8153400DB7376 /* LoginViewController.h */ = {isa = PBXFileReference; fileEncoding = 4; lastKnownFileType = sourcecode.c.h; path = LoginViewController.h; sourceTree = "<group>"; };
		D94372321DF8153400DB7376 /* LoginViewController.m */ = {isa = PBXFileReference; fileEncoding = 4; lastKnownFileType = sourcecode.c.objc; path = LoginViewController.m; sourceTree = "<group>"; };
		D94372331DF8153400DB7376 /* UnassignedTicketsViewController.h */ = {isa = PBXFileReference; fileEncoding = 4; lastKnownFileType = sourcecode.c.h; path = UnassignedTicketsViewController.h; sourceTree = "<group>"; };
		D94372341DF8153400DB7376 /* UnassignedTicketsViewController.m */ = {isa = PBXFileReference; fileEncoding = 4; lastKnownFileType = sourcecode.c.objc; path = UnassignedTicketsViewController.m; sourceTree = "<group>"; };
		D94372351DF8153400DB7376 /* ClientListViewController.h */ = {isa = PBXFileReference; fileEncoding = 4; lastKnownFileType = sourcecode.c.h; path = ClientListViewController.h; sourceTree = "<group>"; };
		D94372361DF8153400DB7376 /* ClientListViewController.m */ = {isa = PBXFileReference; fileEncoding = 4; lastKnownFileType = sourcecode.c.objc; path = ClientListViewController.m; sourceTree = "<group>"; };
		D94372371DF8153400DB7376 /* TrashTicketsViewController.h */ = {isa = PBXFileReference; fileEncoding = 4; lastKnownFileType = sourcecode.c.h; path = TrashTicketsViewController.h; sourceTree = "<group>"; };
		D94372381DF8153400DB7376 /* TrashTicketsViewController.m */ = {isa = PBXFileReference; fileEncoding = 4; lastKnownFileType = sourcecode.c.objc; path = TrashTicketsViewController.m; sourceTree = "<group>"; };
		D94372391DF8153400DB7376 /* ClosedTicketsViewController.h */ = {isa = PBXFileReference; fileEncoding = 4; lastKnownFileType = sourcecode.c.h; path = ClosedTicketsViewController.h; sourceTree = "<group>"; };
		D943723A1DF8153400DB7376 /* ClosedTicketsViewController.m */ = {isa = PBXFileReference; fileEncoding = 4; lastKnownFileType = sourcecode.c.objc; path = ClosedTicketsViewController.m; sourceTree = "<group>"; };
		D943723B1DF8153400DB7376 /* MyTicketsViewController.h */ = {isa = PBXFileReference; fileEncoding = 4; lastKnownFileType = sourcecode.c.h; path = MyTicketsViewController.h; sourceTree = "<group>"; };
		D943723C1DF8153400DB7376 /* MyTicketsViewController.m */ = {isa = PBXFileReference; fileEncoding = 4; lastKnownFileType = sourcecode.c.objc; path = MyTicketsViewController.m; sourceTree = "<group>"; };
		D943723D1DF8153400DB7376 /* CreateTicketViewController.h */ = {isa = PBXFileReference; fileEncoding = 4; lastKnownFileType = sourcecode.c.h; path = CreateTicketViewController.h; sourceTree = "<group>"; };
		D943723E1DF8153400DB7376 /* CreateTicketViewController.m */ = {isa = PBXFileReference; fileEncoding = 4; lastKnownFileType = sourcecode.c.objc; path = CreateTicketViewController.m; sourceTree = "<group>"; };
		D943723F1DF8153400DB7376 /* InboxViewController.h */ = {isa = PBXFileReference; fileEncoding = 4; lastKnownFileType = sourcecode.c.h; path = InboxViewController.h; sourceTree = "<group>"; };
		D94372401DF8153400DB7376 /* InboxViewController.m */ = {isa = PBXFileReference; fileEncoding = 4; lastKnownFileType = sourcecode.c.objc; path = InboxViewController.m; sourceTree = "<group>"; };
		D94372411DF8153400DB7376 /* TicketDetailViewController.h */ = {isa = PBXFileReference; fileEncoding = 4; lastKnownFileType = sourcecode.c.h; path = TicketDetailViewController.h; sourceTree = "<group>"; };
		D94372421DF8153400DB7376 /* TicketDetailViewController.m */ = {isa = PBXFileReference; fileEncoding = 4; lastKnownFileType = sourcecode.c.objc; path = TicketDetailViewController.m; sourceTree = "<group>"; };
		D94372431DF8153400DB7376 /* AboutViewController.h */ = {isa = PBXFileReference; fileEncoding = 4; lastKnownFileType = sourcecode.c.h; path = AboutViewController.h; sourceTree = "<group>"; };
		D94372441DF8153400DB7376 /* AboutViewController.m */ = {isa = PBXFileReference; fileEncoding = 4; lastKnownFileType = sourcecode.c.objc; path = AboutViewController.m; sourceTree = "<group>"; };
		D94372451DF8153400DB7376 /* ClientDetailViewController.h */ = {isa = PBXFileReference; fileEncoding = 4; lastKnownFileType = sourcecode.c.h; path = ClientDetailViewController.h; sourceTree = "<group>"; };
		D94372461DF8153400DB7376 /* ClientDetailViewController.m */ = {isa = PBXFileReference; fileEncoding = 4; lastKnownFileType = sourcecode.c.objc; path = ClientDetailViewController.m; sourceTree = "<group>"; };
		D94372471DF8153400DB7376 /* ConversationViewController.h */ = {isa = PBXFileReference; fileEncoding = 4; lastKnownFileType = sourcecode.c.h; path = ConversationViewController.h; sourceTree = "<group>"; };
		D94372481DF8153400DB7376 /* ConversationViewController.m */ = {isa = PBXFileReference; fileEncoding = 4; lastKnownFileType = sourcecode.c.objc; path = ConversationViewController.m; sourceTree = "<group>"; };
		D94372491DF8153400DB7376 /* DetailViewController.h */ = {isa = PBXFileReference; fileEncoding = 4; lastKnownFileType = sourcecode.c.h; path = DetailViewController.h; sourceTree = "<group>"; };
		D943724A1DF8153400DB7376 /* DetailViewController.m */ = {isa = PBXFileReference; fileEncoding = 4; lastKnownFileType = sourcecode.c.objc; path = DetailViewController.m; sourceTree = "<group>"; };
		D9787A8D1DF800B6009C745F /* Faveo Helpdesk Community.app */ = {isa = PBXFileReference; explicitFileType = wrapper.application; includeInIndex = 0; path = "Faveo Helpdesk Community.app"; sourceTree = BUILT_PRODUCTS_DIR; };
		D9787A911DF800B6009C745F /* main.m */ = {isa = PBXFileReference; lastKnownFileType = sourcecode.c.objc; path = main.m; sourceTree = "<group>"; };
		D9787A931DF800B6009C745F /* AppDelegate.h */ = {isa = PBXFileReference; lastKnownFileType = sourcecode.c.h; path = AppDelegate.h; sourceTree = "<group>"; };
		D9787A941DF800B6009C745F /* AppDelegate.m */ = {isa = PBXFileReference; lastKnownFileType = sourcecode.c.objc; path = AppDelegate.m; sourceTree = "<group>"; };
		D9787A9A1DF800B6009C745F /* Base */ = {isa = PBXFileReference; lastKnownFileType = file.storyboard; name = Base; path = Base.lproj/Main.storyboard; sourceTree = "<group>"; };
		D9787A9C1DF800B6009C745F /* Assets.xcassets */ = {isa = PBXFileReference; lastKnownFileType = folder.assetcatalog; path = Assets.xcassets; sourceTree = "<group>"; };
		D9787A9F1DF800B6009C745F /* Base */ = {isa = PBXFileReference; lastKnownFileType = file.storyboard; name = Base; path = Base.lproj/LaunchScreen.storyboard; sourceTree = "<group>"; };
		D9787AA11DF800B6009C745F /* Info.plist */ = {isa = PBXFileReference; lastKnownFileType = text.plist.xml; path = Info.plist; sourceTree = "<group>"; };
		D9787AA61DF800B6009C745F /* Faveo Helpdesk CommunityTests.xctest */ = {isa = PBXFileReference; explicitFileType = wrapper.cfbundle; includeInIndex = 0; path = "Faveo Helpdesk CommunityTests.xctest"; sourceTree = BUILT_PRODUCTS_DIR; };
		D9787AAA1DF800B6009C745F /* Faveo_Helpdesk_CommunityTests.m */ = {isa = PBXFileReference; lastKnownFileType = sourcecode.c.objc; path = Faveo_Helpdesk_CommunityTests.m; sourceTree = "<group>"; };
		D9787AAC1DF800B6009C745F /* Info.plist */ = {isa = PBXFileReference; lastKnownFileType = text.plist.xml; path = Info.plist; sourceTree = "<group>"; };
		D9787AB11DF800B6009C745F /* Faveo Helpdesk CommunityUITests.xctest */ = {isa = PBXFileReference; explicitFileType = wrapper.cfbundle; includeInIndex = 0; path = "Faveo Helpdesk CommunityUITests.xctest"; sourceTree = BUILT_PRODUCTS_DIR; };
		D9787AB51DF800B6009C745F /* Faveo_Helpdesk_CommunityUITests.m */ = {isa = PBXFileReference; lastKnownFileType = sourcecode.c.objc; path = Faveo_Helpdesk_CommunityUITests.m; sourceTree = "<group>"; };
		D9787AB71DF800B6009C745F /* Info.plist */ = {isa = PBXFileReference; lastKnownFileType = text.plist.xml; path = Info.plist; sourceTree = "<group>"; };
/* End PBXFileReference section */

/* Begin PBXFrameworksBuildPhase section */
		D9787A8A1DF800B6009C745F /* Frameworks */ = {
			isa = PBXFrameworksBuildPhase;
			buildActionMask = 2147483647;
			files = (
				D94371FE1DF8107400DB7376 /* UIKit.framework in Frameworks */,
				D94371FA1DF8105500DB7376 /* Foundation.framework in Frameworks */,
				D94371FC1DF8105C00DB7376 /* CoreGraphics.framework in Frameworks */,
				D94371F81DF8104800DB7376 /* SystemConfiguration.framework in Frameworks */,
				AC5A9BF07574EBE3DEB4D706 /* libPods-Faveo Helpdesk Community.a in Frameworks */,
			);
			runOnlyForDeploymentPostprocessing = 0;
		};
		D9787AA31DF800B6009C745F /* Frameworks */ = {
			isa = PBXFrameworksBuildPhase;
			buildActionMask = 2147483647;
			files = (
			);
			runOnlyForDeploymentPostprocessing = 0;
		};
		D9787AAE1DF800B6009C745F /* Frameworks */ = {
			isa = PBXFrameworksBuildPhase;
			buildActionMask = 2147483647;
			files = (
			);
			runOnlyForDeploymentPostprocessing = 0;
		};
/* End PBXFrameworksBuildPhase section */

/* Begin PBXGroup section */
		D94371571DF8059900DB7376 /* Librarys */ = {
			isa = PBXGroup;
			children = (
				D94371D31DF80BDE00DB7376 /* CNPPopup */,
				D94371D21DF80BD000DB7376 /* HexColor */,
				D94371D11DF80BC400DB7376 /* SideMenu */,
				D94371D01DF80B8900DB7376 /* ActionSheetPicker */,
				D94371B21DF8066C00DB7376 /* Reachability */,
				D94371B11DF8065800DB7376 /* MBProgressHUD */,
				D94371581DF805D800DB7376 /* IQKeyboardManager */,
			);
			name = Librarys;
			sourceTree = "<group>";
		};
		D94371581DF805D800DB7376 /* IQKeyboardManager */ = {
			isa = PBXGroup;
			children = (
				D94371591DF805D800DB7376 /* Categories */,
				D94371661DF805D800DB7376 /* Constants */,
				D94371691DF805D800DB7376 /* IQKeyboardManager.h */,
				D943716A1DF805D800DB7376 /* IQKeyboardManager.m */,
				D943716B1DF805D800DB7376 /* IQKeyboardReturnKeyHandler.h */,
				D943716C1DF805D800DB7376 /* IQKeyboardReturnKeyHandler.m */,
				D943716D1DF805D800DB7376 /* IQTextView */,
				D94371701DF805D800DB7376 /* IQToolbar */,
				D943717B1DF805D800DB7376 /* Resources */,
			);
			name = IQKeyboardManager;
			path = ../IQKeyboardManager;
			sourceTree = "<group>";
		};
		D94371591DF805D800DB7376 /* Categories */ = {
			isa = PBXGroup;
			children = (
				D943715A1DF805D800DB7376 /* IQNSArray+Sort.h */,
				D943715B1DF805D800DB7376 /* IQNSArray+Sort.m */,
				D943715C1DF805D800DB7376 /* IQUIScrollView+Additions.h */,
				D943715D1DF805D800DB7376 /* IQUIScrollView+Additions.m */,
				D943715E1DF805D800DB7376 /* IQUITextFieldView+Additions.h */,
				D943715F1DF805D800DB7376 /* IQUITextFieldView+Additions.m */,
				D94371601DF805D800DB7376 /* IQUIView+Hierarchy.h */,
				D94371611DF805D800DB7376 /* IQUIView+Hierarchy.m */,
				D94371621DF805D800DB7376 /* IQUIViewController+Additions.h */,
				D94371631DF805D800DB7376 /* IQUIViewController+Additions.m */,
				D94371641DF805D800DB7376 /* IQUIWindow+Hierarchy.h */,
				D94371651DF805D800DB7376 /* IQUIWindow+Hierarchy.m */,
			);
			path = Categories;
			sourceTree = "<group>";
		};
		D94371661DF805D800DB7376 /* Constants */ = {
			isa = PBXGroup;
			children = (
				D94371671DF805D800DB7376 /* IQKeyboardManagerConstants.h */,
				D94371681DF805D800DB7376 /* IQKeyboardManagerConstantsInternal.h */,
			);
			path = Constants;
			sourceTree = "<group>";
		};
		D943716D1DF805D800DB7376 /* IQTextView */ = {
			isa = PBXGroup;
			children = (
				D943716E1DF805D800DB7376 /* IQTextView.h */,
				D943716F1DF805D800DB7376 /* IQTextView.m */,
			);
			path = IQTextView;
			sourceTree = "<group>";
		};
		D94371701DF805D800DB7376 /* IQToolbar */ = {
			isa = PBXGroup;
			children = (
				D94371711DF805D800DB7376 /* IQBarButtonItem.h */,
				D94371721DF805D800DB7376 /* IQBarButtonItem.m */,
				D94371731DF805D800DB7376 /* IQPreviousNextView.h */,
				D94371741DF805D800DB7376 /* IQPreviousNextView.m */,
				D94371751DF805D800DB7376 /* IQTitleBarButtonItem.h */,
				D94371761DF805D800DB7376 /* IQTitleBarButtonItem.m */,
				D94371771DF805D800DB7376 /* IQToolbar.h */,
				D94371781DF805D800DB7376 /* IQToolbar.m */,
				D94371791DF805D800DB7376 /* IQUIView+IQKeyboardToolbar.h */,
				D943717A1DF805D800DB7376 /* IQUIView+IQKeyboardToolbar.m */,
			);
			path = IQToolbar;
			sourceTree = "<group>";
		};
		D943717B1DF805D800DB7376 /* Resources */ = {
			isa = PBXGroup;
			children = (
				D943717C1DF805D800DB7376 /* IQKeyboardManager.bundle */,
			);
			path = Resources;
			sourceTree = "<group>";
		};
		D94371B11DF8065800DB7376 /* MBProgressHUD */ = {
			isa = PBXGroup;
			children = (
				D94371AE1DF8065300DB7376 /* MBProgressHUD.h */,
				D94371AF1DF8065300DB7376 /* MBProgressHUD.m */,
			);
			name = MBProgressHUD;
			sourceTree = "<group>";
		};
		D94371B21DF8066C00DB7376 /* Reachability */ = {
			isa = PBXGroup;
			children = (
				D94371AB1DF8064200DB7376 /* Reachability.h */,
				D94371AC1DF8064200DB7376 /* Reachability.m */,
			);
			name = Reachability;
			sourceTree = "<group>";
		};
		D94371D01DF80B8900DB7376 /* ActionSheetPicker */ = {
			isa = PBXGroup;
			children = (
				D94371B31DF80B8500DB7376 /* AbstractActionSheetPicker.h */,
				D94371B41DF80B8500DB7376 /* AbstractActionSheetPicker.m */,
				D94371B51DF80B8500DB7376 /* ActionSheetCustomPicker.h */,
				D94371B61DF80B8500DB7376 /* ActionSheetCustomPicker.m */,
				D94371B71DF80B8500DB7376 /* ActionSheetCustomPickerDelegate.h */,
				D94371B81DF80B8500DB7376 /* ActionSheetDatePicker.h */,
				D94371B91DF80B8500DB7376 /* ActionSheetDatePicker.m */,
				D94371BA1DF80B8500DB7376 /* ActionSheetDistancePicker.h */,
				D94371BB1DF80B8500DB7376 /* ActionSheetDistancePicker.m */,
				D94371BC1DF80B8500DB7376 /* ActionSheetLocalePicker.h */,
				D94371BD1DF80B8500DB7376 /* ActionSheetLocalePicker.m */,
				D94371BE1DF80B8500DB7376 /* ActionSheetMultipleStringPicker.h */,
				D94371BF1DF80B8500DB7376 /* ActionSheetMultipleStringPicker.m */,
				D94371C01DF80B8500DB7376 /* ActionSheetPicker.h */,
				D94371C11DF80B8500DB7376 /* ActionSheetStringPicker.h */,
				D94371C21DF80B8500DB7376 /* ActionSheetStringPicker.m */,
				D94371C31DF80B8500DB7376 /* DistancePickerView.h */,
				D94371C41DF80B8500DB7376 /* DistancePickerView.m */,
				D94371C51DF80B8500DB7376 /* SWActionSheet.h */,
				D94371C61DF80B8500DB7376 /* SWActionSheet.m */,
			);
			name = ActionSheetPicker;
			sourceTree = "<group>";
		};
		D94371D11DF80BC400DB7376 /* SideMenu */ = {
			isa = PBXGroup;
			children = (
				D94371DA1DF80C2700DB7376 /* SlideNavigationController.h */,
				D94371DB1DF80C2700DB7376 /* SlideNavigationController.m */,
				D94371DC1DF80C2700DB7376 /* SlideNavigationContorllerAnimator.h */,
				D94371DD1DF80C2700DB7376 /* SlideNavigationContorllerAnimatorFade.h */,
				D94371DE1DF80C2700DB7376 /* SlideNavigationContorllerAnimatorFade.m */,
				D94371DF1DF80C2700DB7376 /* SlideNavigationContorllerAnimatorScale.h */,
				D94371E01DF80C2700DB7376 /* SlideNavigationContorllerAnimatorScale.m */,
				D94371E11DF80C2700DB7376 /* SlideNavigationContorllerAnimatorScaleAndFade.h */,
				D94371E21DF80C2700DB7376 /* SlideNavigationContorllerAnimatorScaleAndFade.m */,
				D94371E31DF80C2700DB7376 /* SlideNavigationContorllerAnimatorSlide.h */,
				D94371E41DF80C2700DB7376 /* SlideNavigationContorllerAnimatorSlide.m */,
				D94371E51DF80C2700DB7376 /* SlideNavigationContorllerAnimatorSlideAndFade.h */,
				D94371E61DF80C2700DB7376 /* SlideNavigationContorllerAnimatorSlideAndFade.m */,
			);
			name = SideMenu;
			sourceTree = "<group>";
		};
		D94371D21DF80BD000DB7376 /* HexColor */ = {
			isa = PBXGroup;
			children = (
				D94371D71DF80C0800DB7376 /* HexColors.h */,
				D94371D81DF80C0800DB7376 /* HexColors.m */,
			);
			name = HexColor;
			sourceTree = "<group>";
		};
		D94371D31DF80BDE00DB7376 /* CNPPopup */ = {
			isa = PBXGroup;
			children = (
				D94371D41DF80BFC00DB7376 /* CNPPopupController.h */,
				D94371D51DF80BFC00DB7376 /* CNPPopupController.m */,
			);
			name = CNPPopup;
			sourceTree = "<group>";
		};
		D94371ED1DF80D8600DB7376 /* OtherClasses */ = {
			isa = PBXGroup;
			children = (
				D94371EE1DF80DA300DB7376 /* Webservice.h */,
				D94371EF1DF80DA300DB7376 /* Webservice.m */,
				D94371F01DF80DA300DB7376 /* NetworkApi.h */,
				D94371F11DF80DA300DB7376 /* NetworkApi.m */,
				D94371F21DF80DA300DB7376 /* AppConstanst.h */,
				D9787A931DF800B6009C745F /* AppDelegate.h */,
				D9787A941DF800B6009C745F /* AppDelegate.m */,
			);
			name = OtherClasses;
			sourceTree = "<group>";
		};
		D94371F51DF80DD100DB7376 /* Classes */ = {
			isa = PBXGroup;
			children = (
				D94372031DF8145A00DB7376 /* ViewControllers */,
				D94372041DF8147300DB7376 /* Xibs */,
				D94371FF1DF8142F00DB7376 /* Utils */,
				D94372011DF8144500DB7376 /* Model */,
				D94372001DF8143500DB7376 /* Webservices */,
				D94371ED1DF80D8600DB7376 /* OtherClasses */,
			);
			name = Classes;
			sourceTree = "<group>";
		};
		D94371F61DF8104800DB7376 /* Frameworks */ = {
			isa = PBXGroup;
			children = (
				D94371FD1DF8107400DB7376 /* UIKit.framework */,
				D94371FB1DF8105C00DB7376 /* CoreGraphics.framework */,
				D94371F91DF8105500DB7376 /* Foundation.framework */,
				D94371F71DF8104800DB7376 /* SystemConfiguration.framework */,
				02C3565B4D9122515237948C /* libPods-Faveo Helpdesk Community.a */,
			);
			name = Frameworks;
			sourceTree = "<group>";
		};
		D94371FF1DF8142F00DB7376 /* Utils */ = {
			isa = PBXGroup;
			children = (
				D943720E1DF814DE00DB7376 /* Utils.h */,
				D943720F1DF814DE00DB7376 /* Utils.m */,
			);
			name = Utils;
			sourceTree = "<group>";
		};
		D94372001DF8143500DB7376 /* Webservices */ = {
			isa = PBXGroup;
			children = (
				D943720B1DF814B900DB7376 /* MyWebservices.h */,
				D943720C1DF814B900DB7376 /* MyWebservices.m */,
			);
			name = Webservices;
			sourceTree = "<group>";
		};
		D94372011DF8144500DB7376 /* Model */ = {
			isa = PBXGroup;
			children = (
				D94372051DF8148D00DB7376 /* Data.h */,
				D94372061DF8148D00DB7376 /* Data.m */,
				D94372071DF8148D00DB7376 /* GlobalVariables.h */,
				D94372081DF8148D00DB7376 /* GlobalVariables.m */,
			);
			name = Model;
			sourceTree = "<group>";
		};
		D94372031DF8145A00DB7376 /* ViewControllers */ = {
			isa = PBXGroup;
			children = (
				D943722F1DF8153400DB7376 /* LeftMenuViewController.h */,
				D94372301DF8153400DB7376 /* LeftMenuViewController.m */,
				D94372311DF8153400DB7376 /* LoginViewController.h */,
				D94372321DF8153400DB7376 /* LoginViewController.m */,
				D94372331DF8153400DB7376 /* UnassignedTicketsViewController.h */,
				D94372341DF8153400DB7376 /* UnassignedTicketsViewController.m */,
				D94372371DF8153400DB7376 /* TrashTicketsViewController.h */,
				D94372381DF8153400DB7376 /* TrashTicketsViewController.m */,
				D94372391DF8153400DB7376 /* ClosedTicketsViewController.h */,
				D943723A1DF8153400DB7376 /* ClosedTicketsViewController.m */,
				D943723B1DF8153400DB7376 /* MyTicketsViewController.h */,
				D943723C1DF8153400DB7376 /* MyTicketsViewController.m */,
				D943723D1DF8153400DB7376 /* CreateTicketViewController.h */,
				D943723E1DF8153400DB7376 /* CreateTicketViewController.m */,
				D943723F1DF8153400DB7376 /* InboxViewController.h */,
				D94372401DF8153400DB7376 /* InboxViewController.m */,
				D94372411DF8153400DB7376 /* TicketDetailViewController.h */,
				D94372421DF8153400DB7376 /* TicketDetailViewController.m */,
				D94372431DF8153400DB7376 /* AboutViewController.h */,
				D94372441DF8153400DB7376 /* AboutViewController.m */,
				D94372351DF8153400DB7376 /* ClientListViewController.h */,
				D94372361DF8153400DB7376 /* ClientListViewController.m */,
				D94372451DF8153400DB7376 /* ClientDetailViewController.h */,
				D94372461DF8153400DB7376 /* ClientDetailViewController.m */,
				D94372471DF8153400DB7376 /* ConversationViewController.h */,
				D94372481DF8153400DB7376 /* ConversationViewController.m */,
				D94372491DF8153400DB7376 /* DetailViewController.h */,
				D943724A1DF8153400DB7376 /* DetailViewController.m */,
			);
			name = ViewControllers;
			sourceTree = "<group>";
		};
		D94372041DF8147300DB7376 /* Xibs */ = {
			isa = PBXGroup;
			children = (
				D94372111DF8151100DB7376 /* TicketTableViewCell.h */,
				D94372121DF8151100DB7376 /* TicketTableViewCell.m */,
				D94372131DF8151100DB7376 /* TicketTableViewCell.xib */,
				D94372141DF8151100DB7376 /* ClientListTableViewCell.h */,
				D94372151DF8151100DB7376 /* ClientListTableViewCell.m */,
				D94372161DF8151100DB7376 /* ClientListTableViewCell.xib */,
				D94372171DF8151100DB7376 /* ClientTicketTableViewCell.h */,
				D94372181DF8151100DB7376 /* ClientTicketTableViewCell.m */,
				D94372191DF8151100DB7376 /* ClientTicketTableViewCell.xib */,
				D943721A1DF8151100DB7376 /* ConversationTableViewCell.h */,
				D943721B1DF8151100DB7376 /* ConversationTableViewCell.m */,
				D943721C1DF8151100DB7376 /* ConversationTableViewCell.xib */,
				D943721D1DF8151100DB7376 /* OpenCloseTableViewCell.h */,
				D943721E1DF8151100DB7376 /* OpenCloseTableViewCell.m */,
				D943721F1DF8151100DB7376 /* OpenCloseTableViewCell.xib */,
				D94372201DF8151100DB7376 /* LoadingTableViewCell.h */,
				D94372211DF8151100DB7376 /* LoadingTableViewCell.m */,
				D94372221DF8151100DB7376 /* LoadingTableViewCell.xib */,
			);
			name = Xibs;
			sourceTree = "<group>";
		};
		D9787A841DF800B6009C745F = {
			isa = PBXGroup;
			children = (
				D9787A8F1DF800B6009C745F /* Faveo Helpdesk Community */,
				D9787AA91DF800B6009C745F /* Faveo Helpdesk CommunityTests */,
				D9787AB41DF800B6009C745F /* Faveo Helpdesk CommunityUITests */,
				D9787A8E1DF800B6009C745F /* Products */,
				D94371F61DF8104800DB7376 /* Frameworks */,
				F895D631C9AF619695762FDA /* Pods */,
			);
			sourceTree = "<group>";
		};
		D9787A8E1DF800B6009C745F /* Products */ = {
			isa = PBXGroup;
			children = (
				D9787A8D1DF800B6009C745F /* Faveo Helpdesk Community.app */,
				D9787AA61DF800B6009C745F /* Faveo Helpdesk CommunityTests.xctest */,
				D9787AB11DF800B6009C745F /* Faveo Helpdesk CommunityUITests.xctest */,
			);
			name = Products;
			sourceTree = "<group>";
		};
		D9787A8F1DF800B6009C745F /* Faveo Helpdesk Community */ = {
			isa = PBXGroup;
			children = (
				D94371F51DF80DD100DB7376 /* Classes */,
				D9787A901DF800B6009C745F /* Supporting Files */,
				D94371571DF8059900DB7376 /* Librarys */,
			);
			path = "Faveo Helpdesk Community";
			sourceTree = "<group>";
		};
		D9787A901DF800B6009C745F /* Supporting Files */ = {
			isa = PBXGroup;
			children = (
				D94371551DF8050800DB7376 /* faveoData.plist */,
				D9787A991DF800B6009C745F /* Main.storyboard */,
				D9787A9C1DF800B6009C745F /* Assets.xcassets */,
				D9787A9E1DF800B6009C745F /* LaunchScreen.storyboard */,
				D9787AA11DF800B6009C745F /* Info.plist */,
				D9787A911DF800B6009C745F /* main.m */,
			);
			name = "Supporting Files";
			sourceTree = "<group>";
		};
		D9787AA91DF800B6009C745F /* Faveo Helpdesk CommunityTests */ = {
			isa = PBXGroup;
			children = (
				D9787AAA1DF800B6009C745F /* Faveo_Helpdesk_CommunityTests.m */,
				D9787AAC1DF800B6009C745F /* Info.plist */,
			);
			path = "Faveo Helpdesk CommunityTests";
			sourceTree = "<group>";
		};
		D9787AB41DF800B6009C745F /* Faveo Helpdesk CommunityUITests */ = {
			isa = PBXGroup;
			children = (
				D9787AB51DF800B6009C745F /* Faveo_Helpdesk_CommunityUITests.m */,
				D9787AB71DF800B6009C745F /* Info.plist */,
			);
			path = "Faveo Helpdesk CommunityUITests";
			sourceTree = "<group>";
		};
		F895D631C9AF619695762FDA /* Pods */ = {
			isa = PBXGroup;
			children = (
				6BE020171D2568124BA38143 /* Pods-Faveo Helpdesk Community.debug.xcconfig */,
				5FF0F057EB1F20D172FC8AF6 /* Pods-Faveo Helpdesk Community.release.xcconfig */,
			);
			name = Pods;
			sourceTree = "<group>";
		};
/* End PBXGroup section */

/* Begin PBXNativeTarget section */
		D9787A8C1DF800B6009C745F /* Faveo Helpdesk Community */ = {
			isa = PBXNativeTarget;
			buildConfigurationList = D9787ABA1DF800B6009C745F /* Build configuration list for PBXNativeTarget "Faveo Helpdesk Community" */;
			buildPhases = (
				406F19F2144E836775348B64 /* [CP] Check Pods Manifest.lock */,
				D9787A891DF800B6009C745F /* Sources */,
				D9787A8A1DF800B6009C745F /* Frameworks */,
				D9787A8B1DF800B6009C745F /* Resources */,
				53404C2145BA3622AC68766D /* [CP] Copy Pods Resources */,
			);
			buildRules = (
			);
			dependencies = (
			);
			name = "Faveo Helpdesk Community";
			productName = "Faveo Helpdesk Community";
			productReference = D9787A8D1DF800B6009C745F /* Faveo Helpdesk Community.app */;
			productType = "com.apple.product-type.application";
		};
		D9787AA51DF800B6009C745F /* Faveo Helpdesk CommunityTests */ = {
			isa = PBXNativeTarget;
			buildConfigurationList = D9787ABD1DF800B6009C745F /* Build configuration list for PBXNativeTarget "Faveo Helpdesk CommunityTests" */;
			buildPhases = (
				D9787AA21DF800B6009C745F /* Sources */,
				D9787AA31DF800B6009C745F /* Frameworks */,
				D9787AA41DF800B6009C745F /* Resources */,
			);
			buildRules = (
			);
			dependencies = (
				D9787AA81DF800B6009C745F /* PBXTargetDependency */,
			);
			name = "Faveo Helpdesk CommunityTests";
			productName = "Faveo Helpdesk CommunityTests";
			productReference = D9787AA61DF800B6009C745F /* Faveo Helpdesk CommunityTests.xctest */;
			productType = "com.apple.product-type.bundle.unit-test";
		};
		D9787AB01DF800B6009C745F /* Faveo Helpdesk CommunityUITests */ = {
			isa = PBXNativeTarget;
			buildConfigurationList = D9787AC01DF800B6009C745F /* Build configuration list for PBXNativeTarget "Faveo Helpdesk CommunityUITests" */;
			buildPhases = (
				D9787AAD1DF800B6009C745F /* Sources */,
				D9787AAE1DF800B6009C745F /* Frameworks */,
				D9787AAF1DF800B6009C745F /* Resources */,
			);
			buildRules = (
			);
			dependencies = (
				D9787AB31DF800B6009C745F /* PBXTargetDependency */,
			);
			name = "Faveo Helpdesk CommunityUITests";
			productName = "Faveo Helpdesk CommunityUITests";
			productReference = D9787AB11DF800B6009C745F /* Faveo Helpdesk CommunityUITests.xctest */;
			productType = "com.apple.product-type.bundle.ui-testing";
		};
/* End PBXNativeTarget section */

/* Begin PBXProject section */
		D9787A851DF800B6009C745F /* Project object */ = {
			isa = PBXProject;
			attributes = {
				LastUpgradeCheck = 0810;
				ORGANIZATIONNAME = "Ladybird websolutions pvt ltd";
				TargetAttributes = {
					D9787A8C1DF800B6009C745F = {
						CreatedOnToolsVersion = 8.1;
						DevelopmentTeam = 8VY8B59STG;
						ProvisioningStyle = Automatic;
					};
					D9787AA51DF800B6009C745F = {
						CreatedOnToolsVersion = 8.1;
						DevelopmentTeam = 6F87DA2D87;
						ProvisioningStyle = Automatic;
						TestTargetID = D9787A8C1DF800B6009C745F;
					};
					D9787AB01DF800B6009C745F = {
						CreatedOnToolsVersion = 8.1;
						DevelopmentTeam = 6F87DA2D87;
						ProvisioningStyle = Automatic;
						TestTargetID = D9787A8C1DF800B6009C745F;
					};
				};
			};
			buildConfigurationList = D9787A881DF800B6009C745F /* Build configuration list for PBXProject "Faveo Helpdesk Community" */;
			compatibilityVersion = "Xcode 3.2";
			developmentRegion = English;
			hasScannedForEncodings = 0;
			knownRegions = (
				en,
				Base,
			);
			mainGroup = D9787A841DF800B6009C745F;
			productRefGroup = D9787A8E1DF800B6009C745F /* Products */;
			projectDirPath = "";
			projectRoot = "";
			targets = (
				D9787A8C1DF800B6009C745F /* Faveo Helpdesk Community */,
				D9787AA51DF800B6009C745F /* Faveo Helpdesk CommunityTests */,
				D9787AB01DF800B6009C745F /* Faveo Helpdesk CommunityUITests */,
			);
		};
/* End PBXProject section */

/* Begin PBXResourcesBuildPhase section */
		D9787A8B1DF800B6009C745F /* Resources */ = {
			isa = PBXResourcesBuildPhase;
			buildActionMask = 2147483647;
			files = (
				D943722E1DF8151100DB7376 /* LoadingTableViewCell.xib in Resources */,
				D94371A11DF805D800DB7376 /* IQKeyboardManager.bundle in Resources */,
				D94372241DF8151100DB7376 /* TicketTableViewCell.xib in Resources */,
				D94371561DF8050800DB7376 /* faveoData.plist in Resources */,
				D943722A1DF8151100DB7376 /* ConversationTableViewCell.xib in Resources */,
				D9787AA01DF800B6009C745F /* LaunchScreen.storyboard in Resources */,
				D94372281DF8151100DB7376 /* ClientTicketTableViewCell.xib in Resources */,
				D94372261DF8151100DB7376 /* ClientListTableViewCell.xib in Resources */,
				D9787A9D1DF800B6009C745F /* Assets.xcassets in Resources */,
				D943722C1DF8151100DB7376 /* OpenCloseTableViewCell.xib in Resources */,
				D9787A9B1DF800B6009C745F /* Main.storyboard in Resources */,
			);
			runOnlyForDeploymentPostprocessing = 0;
		};
		D9787AA41DF800B6009C745F /* Resources */ = {
			isa = PBXResourcesBuildPhase;
			buildActionMask = 2147483647;
			files = (
			);
			runOnlyForDeploymentPostprocessing = 0;
		};
		D9787AAF1DF800B6009C745F /* Resources */ = {
			isa = PBXResourcesBuildPhase;
			buildActionMask = 2147483647;
			files = (
			);
			runOnlyForDeploymentPostprocessing = 0;
		};
/* End PBXResourcesBuildPhase section */

/* Begin PBXShellScriptBuildPhase section */
		406F19F2144E836775348B64 /* [CP] Check Pods Manifest.lock */ = {
			isa = PBXShellScriptBuildPhase;
			buildActionMask = 2147483647;
			files = (
			);
			inputPaths = (
				"${PODS_PODFILE_DIR_PATH}/Podfile.lock",
				"${PODS_ROOT}/Manifest.lock",
			);
			name = "[CP] Check Pods Manifest.lock";
			outputPaths = (
				"$(DERIVED_FILE_DIR)/Pods-Faveo Helpdesk Community-checkManifestLockResult.txt",
			);
			runOnlyForDeploymentPostprocessing = 0;
			shellPath = /bin/sh;
			shellScript = "diff \"${PODS_PODFILE_DIR_PATH}/Podfile.lock\" \"${PODS_ROOT}/Manifest.lock\" > /dev/null\nif [ $? != 0 ] ; then\n    # print error to STDERR\n    echo \"error: The sandbox is not in sync with the Podfile.lock. Run 'pod install' or update your CocoaPods installation.\" >&2\n    exit 1\nfi\n# This output is used by Xcode 'outputs' to avoid re-running this script phase.\necho \"SUCCESS\" > \"${SCRIPT_OUTPUT_FILE_0}\"\n";
			showEnvVarsInLog = 0;
		};
		53404C2145BA3622AC68766D /* [CP] Copy Pods Resources */ = {
			isa = PBXShellScriptBuildPhase;
			buildActionMask = 2147483647;
			files = (
			);
			inputPaths = (
				"${SRCROOT}/Pods/Target Support Files/Pods-Faveo Helpdesk Community/Pods-Faveo Helpdesk Community-resources.sh",
				"${PODS_ROOT}/FTIndicator/FTIndicator/FTProgressIndicator/FTProgressIndicator.bundle",
				"${PODS_ROOT}/RMessage/RMessage/Resources/RMessageView.xib",
				"${PODS_ROOT}/RMessage/RMessage/Assets/NotificationBackgroundErrorIcon.png",
				"${PODS_ROOT}/RMessage/RMessage/Assets/NotificationBackgroundErrorIcon@2x.png",
				"${PODS_ROOT}/RMessage/RMessage/Assets/NotificationBackgroundSuccessIcon.png",
				"${PODS_ROOT}/RMessage/RMessage/Assets/NotificationBackgroundSuccessIcon@2x.png",
				"${PODS_ROOT}/RMessage/RMessage/Assets/NotificationBackgroundWarningIcon.png",
				"${PODS_ROOT}/RMessage/RMessage/Assets/NotificationBackgroundWarningIcon@2x.png",
				"${PODS_ROOT}/RMessage/RMessage/Assets/NotificationButtonBackground.png",
				"${PODS_ROOT}/RMessage/RMessage/Assets/NotificationButtonBackground@2x.png",
				"${PODS_ROOT}/RMessage/RMessage/Assets/RMessageDefaultDesign.json",
			);
			name = "[CP] Copy Pods Resources";
			outputPaths = (
				"${TARGET_BUILD_DIR}/${UNLOCALIZED_RESOURCES_FOLDER_PATH}/FTProgressIndicator.bundle",
				"${TARGET_BUILD_DIR}/${UNLOCALIZED_RESOURCES_FOLDER_PATH}/RMessageView.nib",
				"${TARGET_BUILD_DIR}/${UNLOCALIZED_RESOURCES_FOLDER_PATH}/NotificationBackgroundErrorIcon.png",
				"${TARGET_BUILD_DIR}/${UNLOCALIZED_RESOURCES_FOLDER_PATH}/NotificationBackgroundErrorIcon@2x.png",
				"${TARGET_BUILD_DIR}/${UNLOCALIZED_RESOURCES_FOLDER_PATH}/NotificationBackgroundSuccessIcon.png",
				"${TARGET_BUILD_DIR}/${UNLOCALIZED_RESOURCES_FOLDER_PATH}/NotificationBackgroundSuccessIcon@2x.png",
				"${TARGET_BUILD_DIR}/${UNLOCALIZED_RESOURCES_FOLDER_PATH}/NotificationBackgroundWarningIcon.png",
				"${TARGET_BUILD_DIR}/${UNLOCALIZED_RESOURCES_FOLDER_PATH}/NotificationBackgroundWarningIcon@2x.png",
				"${TARGET_BUILD_DIR}/${UNLOCALIZED_RESOURCES_FOLDER_PATH}/NotificationButtonBackground.png",
				"${TARGET_BUILD_DIR}/${UNLOCALIZED_RESOURCES_FOLDER_PATH}/NotificationButtonBackground@2x.png",
				"${TARGET_BUILD_DIR}/${UNLOCALIZED_RESOURCES_FOLDER_PATH}/RMessageDefaultDesign.json",
			);
			runOnlyForDeploymentPostprocessing = 0;
			shellPath = /bin/sh;
			shellScript = "\"${SRCROOT}/Pods/Target Support Files/Pods-Faveo Helpdesk Community/Pods-Faveo Helpdesk Community-resources.sh\"\n";
			showEnvVarsInLog = 0;
		};
/* End PBXShellScriptBuildPhase section */

/* Begin PBXSourcesBuildPhase section */
		D9787A891DF800B6009C745F /* Sources */ = {
			isa = PBXSourcesBuildPhase;
			buildActionMask = 2147483647;
			files = (
				D943724C1DF8153400DB7376 /* LoginViewController.m in Sources */,
				D94371AD1DF8064200DB7376 /* Reachability.m in Sources */,
				D94371C81DF80B8500DB7376 /* ActionSheetCustomPicker.m in Sources */,
				D94371991DF805D800DB7376 /* IQKeyboardManager.m in Sources */,
				D94372561DF8153400DB7376 /* ClientDetailViewController.m in Sources */,
				D94372501DF8153400DB7376 /* ClosedTicketsViewController.m in Sources */,
				D943719E1DF805D800DB7376 /* IQTitleBarButtonItem.m in Sources */,
				D94371931DF805D800DB7376 /* IQNSArray+Sort.m in Sources */,
				D94372291DF8151100DB7376 /* ConversationTableViewCell.m in Sources */,
				D943720A1DF8148D00DB7376 /* GlobalVariables.m in Sources */,
				D94371CE1DF80B8500DB7376 /* DistancePickerView.m in Sources */,
				D94371A01DF805D800DB7376 /* IQUIView+IQKeyboardToolbar.m in Sources */,
				D943719C1DF805D800DB7376 /* IQBarButtonItem.m in Sources */,
				D943724F1DF8153400DB7376 /* TrashTicketsViewController.m in Sources */,
				D94371EB1DF80C2700DB7376 /* SlideNavigationContorllerAnimatorSlide.m in Sources */,
				D94372271DF8151100DB7376 /* ClientTicketTableViewCell.m in Sources */,
				D94372101DF814DE00DB7376 /* Utils.m in Sources */,
				D94371941DF805D800DB7376 /* IQUIScrollView+Additions.m in Sources */,
				D94372551DF8153400DB7376 /* AboutViewController.m in Sources */,
				D943719F1DF805D800DB7376 /* IQToolbar.m in Sources */,
				D94371CA1DF80B8500DB7376 /* ActionSheetDistancePicker.m in Sources */,
				D94372091DF8148D00DB7376 /* Data.m in Sources */,
				D94371B01DF8065300DB7376 /* MBProgressHUD.m in Sources */,
				D94371E91DF80C2700DB7376 /* SlideNavigationContorllerAnimatorScale.m in Sources */,
				D94372541DF8153400DB7376 /* TicketDetailViewController.m in Sources */,
				D94371CC1DF80B8500DB7376 /* ActionSheetMultipleStringPicker.m in Sources */,
				D94371971DF805D800DB7376 /* IQUIViewController+Additions.m in Sources */,
				D94371C71DF80B8500DB7376 /* AbstractActionSheetPicker.m in Sources */,
				D94371981DF805D800DB7376 /* IQUIWindow+Hierarchy.m in Sources */,
				D94371E71DF80C2700DB7376 /* SlideNavigationController.m in Sources */,
				D943722B1DF8151100DB7376 /* OpenCloseTableViewCell.m in Sources */,
				D943719A1DF805D800DB7376 /* IQKeyboardReturnKeyHandler.m in Sources */,
				D94371EC1DF80C2700DB7376 /* SlideNavigationContorllerAnimatorSlideAndFade.m in Sources */,
				D94371CF1DF80B8500DB7376 /* SWActionSheet.m in Sources */,
				D943724E1DF8153400DB7376 /* ClientListViewController.m in Sources */,
				D94371CD1DF80B8500DB7376 /* ActionSheetStringPicker.m in Sources */,
				D9787A951DF800B6009C745F /* AppDelegate.m in Sources */,
				D94372511DF8153400DB7376 /* MyTicketsViewController.m in Sources */,
				D94371C91DF80B8500DB7376 /* ActionSheetDatePicker.m in Sources */,
				D943724B1DF8153400DB7376 /* LeftMenuViewController.m in Sources */,
				D94371D91DF80C0800DB7376 /* HexColors.m in Sources */,
				D943719D1DF805D800DB7376 /* IQPreviousNextView.m in Sources */,
				D94371D61DF80BFC00DB7376 /* CNPPopupController.m in Sources */,
				D94372521DF8153400DB7376 /* CreateTicketViewController.m in Sources */,
				D94372531DF8153400DB7376 /* InboxViewController.m in Sources */,
				D94372251DF8151100DB7376 /* ClientListTableViewCell.m in Sources */,
				D943720D1DF814B900DB7376 /* MyWebservices.m in Sources */,
				D94372231DF8151100DB7376 /* TicketTableViewCell.m in Sources */,
				D94372581DF8153400DB7376 /* DetailViewController.m in Sources */,
				D94371CB1DF80B8500DB7376 /* ActionSheetLocalePicker.m in Sources */,
				D9787A921DF800B6009C745F /* main.m in Sources */,
				D94371E81DF80C2700DB7376 /* SlideNavigationContorllerAnimatorFade.m in Sources */,
				D94371961DF805D800DB7376 /* IQUIView+Hierarchy.m in Sources */,
				D94371F31DF80DA300DB7376 /* Webservice.m in Sources */,
				D94371EA1DF80C2700DB7376 /* SlideNavigationContorllerAnimatorScaleAndFade.m in Sources */,
				D943724D1DF8153400DB7376 /* UnassignedTicketsViewController.m in Sources */,
				D943722D1DF8151100DB7376 /* LoadingTableViewCell.m in Sources */,
				D94372571DF8153400DB7376 /* ConversationViewController.m in Sources */,
				D943719B1DF805D800DB7376 /* IQTextView.m in Sources */,
				D94371F41DF80DA300DB7376 /* NetworkApi.m in Sources */,
				D94371951DF805D800DB7376 /* IQUITextFieldView+Additions.m in Sources */,
			);
			runOnlyForDeploymentPostprocessing = 0;
		};
		D9787AA21DF800B6009C745F /* Sources */ = {
			isa = PBXSourcesBuildPhase;
			buildActionMask = 2147483647;
			files = (
				D9787AAB1DF800B6009C745F /* Faveo_Helpdesk_CommunityTests.m in Sources */,
			);
			runOnlyForDeploymentPostprocessing = 0;
		};
		D9787AAD1DF800B6009C745F /* Sources */ = {
			isa = PBXSourcesBuildPhase;
			buildActionMask = 2147483647;
			files = (
				D9787AB61DF800B6009C745F /* Faveo_Helpdesk_CommunityUITests.m in Sources */,
			);
			runOnlyForDeploymentPostprocessing = 0;
		};
/* End PBXSourcesBuildPhase section */

/* Begin PBXTargetDependency section */
		D9787AA81DF800B6009C745F /* PBXTargetDependency */ = {
			isa = PBXTargetDependency;
			target = D9787A8C1DF800B6009C745F /* Faveo Helpdesk Community */;
			targetProxy = D9787AA71DF800B6009C745F /* PBXContainerItemProxy */;
		};
		D9787AB31DF800B6009C745F /* PBXTargetDependency */ = {
			isa = PBXTargetDependency;
			target = D9787A8C1DF800B6009C745F /* Faveo Helpdesk Community */;
			targetProxy = D9787AB21DF800B6009C745F /* PBXContainerItemProxy */;
		};
/* End PBXTargetDependency section */

/* Begin PBXVariantGroup section */
		D9787A991DF800B6009C745F /* Main.storyboard */ = {
			isa = PBXVariantGroup;
			children = (
				D9787A9A1DF800B6009C745F /* Base */,
			);
			name = Main.storyboard;
			sourceTree = "<group>";
		};
		D9787A9E1DF800B6009C745F /* LaunchScreen.storyboard */ = {
			isa = PBXVariantGroup;
			children = (
				D9787A9F1DF800B6009C745F /* Base */,
			);
			name = LaunchScreen.storyboard;
			sourceTree = "<group>";
		};
/* End PBXVariantGroup section */

/* Begin XCBuildConfiguration section */
		D9787AB81DF800B6009C745F /* Debug */ = {
			isa = XCBuildConfiguration;
			buildSettings = {
				ALWAYS_SEARCH_USER_PATHS = NO;
				CLANG_ANALYZER_NONNULL = YES;
				CLANG_CXX_LANGUAGE_STANDARD = "gnu++0x";
				CLANG_CXX_LIBRARY = "libc++";
				CLANG_ENABLE_MODULES = YES;
				CLANG_ENABLE_OBJC_ARC = YES;
				CLANG_WARN_BOOL_CONVERSION = YES;
				CLANG_WARN_CONSTANT_CONVERSION = YES;
				CLANG_WARN_DIRECT_OBJC_ISA_USAGE = YES_ERROR;
				CLANG_WARN_DOCUMENTATION_COMMENTS = YES;
				CLANG_WARN_EMPTY_BODY = YES;
				CLANG_WARN_ENUM_CONVERSION = YES;
				CLANG_WARN_INFINITE_RECURSION = YES;
				CLANG_WARN_INT_CONVERSION = YES;
				CLANG_WARN_OBJC_ROOT_CLASS = YES_ERROR;
				CLANG_WARN_SUSPICIOUS_MOVES = YES;
				CLANG_WARN_UNREACHABLE_CODE = YES;
				CLANG_WARN__DUPLICATE_METHOD_MATCH = YES;
				"CODE_SIGN_IDENTITY[sdk=iphoneos*]" = "iPhone Developer";
				COPY_PHASE_STRIP = NO;
				DEBUG_INFORMATION_FORMAT = dwarf;
				ENABLE_STRICT_OBJC_MSGSEND = YES;
				ENABLE_TESTABILITY = YES;
				GCC_C_LANGUAGE_STANDARD = gnu99;
				GCC_DYNAMIC_NO_PIC = NO;
				GCC_NO_COMMON_BLOCKS = YES;
				GCC_OPTIMIZATION_LEVEL = 0;
				GCC_PREPROCESSOR_DEFINITIONS = (
					"DEBUG=1",
					"$(inherited)",
				);
				GCC_WARN_64_TO_32_BIT_CONVERSION = YES;
				GCC_WARN_ABOUT_RETURN_TYPE = YES_ERROR;
				GCC_WARN_UNDECLARED_SELECTOR = YES;
				GCC_WARN_UNINITIALIZED_AUTOS = YES_AGGRESSIVE;
				GCC_WARN_UNUSED_FUNCTION = YES;
				GCC_WARN_UNUSED_VARIABLE = YES;
				IPHONEOS_DEPLOYMENT_TARGET = 10.1;
				MTL_ENABLE_DEBUG_INFO = YES;
				ONLY_ACTIVE_ARCH = YES;
				SDKROOT = iphoneos;
				TARGETED_DEVICE_FAMILY = "1,2";
			};
			name = Debug;
		};
		D9787AB91DF800B6009C745F /* Release */ = {
			isa = XCBuildConfiguration;
			buildSettings = {
				ALWAYS_SEARCH_USER_PATHS = NO;
				CLANG_ANALYZER_NONNULL = YES;
				CLANG_CXX_LANGUAGE_STANDARD = "gnu++0x";
				CLANG_CXX_LIBRARY = "libc++";
				CLANG_ENABLE_MODULES = YES;
				CLANG_ENABLE_OBJC_ARC = YES;
				CLANG_WARN_BOOL_CONVERSION = YES;
				CLANG_WARN_CONSTANT_CONVERSION = YES;
				CLANG_WARN_DIRECT_OBJC_ISA_USAGE = YES_ERROR;
				CLANG_WARN_DOCUMENTATION_COMMENTS = YES;
				CLANG_WARN_EMPTY_BODY = YES;
				CLANG_WARN_ENUM_CONVERSION = YES;
				CLANG_WARN_INFINITE_RECURSION = YES;
				CLANG_WARN_INT_CONVERSION = YES;
				CLANG_WARN_OBJC_ROOT_CLASS = YES_ERROR;
				CLANG_WARN_SUSPICIOUS_MOVES = YES;
				CLANG_WARN_UNREACHABLE_CODE = YES;
				CLANG_WARN__DUPLICATE_METHOD_MATCH = YES;
				"CODE_SIGN_IDENTITY[sdk=iphoneos*]" = "iPhone Developer";
				COPY_PHASE_STRIP = NO;
				DEBUG_INFORMATION_FORMAT = "dwarf-with-dsym";
				ENABLE_NS_ASSERTIONS = NO;
				ENABLE_STRICT_OBJC_MSGSEND = YES;
				GCC_C_LANGUAGE_STANDARD = gnu99;
				GCC_NO_COMMON_BLOCKS = YES;
				GCC_WARN_64_TO_32_BIT_CONVERSION = YES;
				GCC_WARN_ABOUT_RETURN_TYPE = YES_ERROR;
				GCC_WARN_UNDECLARED_SELECTOR = YES;
				GCC_WARN_UNINITIALIZED_AUTOS = YES_AGGRESSIVE;
				GCC_WARN_UNUSED_FUNCTION = YES;
				GCC_WARN_UNUSED_VARIABLE = YES;
				IPHONEOS_DEPLOYMENT_TARGET = 10.1;
				MTL_ENABLE_DEBUG_INFO = NO;
				SDKROOT = iphoneos;
				TARGETED_DEVICE_FAMILY = "1,2";
				VALIDATE_PRODUCT = YES;
			};
			name = Release;
		};
		D9787ABB1DF800B6009C745F /* Debug */ = {
			isa = XCBuildConfiguration;
			baseConfigurationReference = 6BE020171D2568124BA38143 /* Pods-Faveo Helpdesk Community.debug.xcconfig */;
			buildSettings = {
				ASSETCATALOG_COMPILER_APPICON_NAME = "AppIcon-1";
				ASSETCATALOG_COMPILER_LAUNCHIMAGE_NAME = LaunchImage;
				DEVELOPMENT_TEAM = 8VY8B59STG;
				INFOPLIST_FILE = "Faveo Helpdesk Community/Info.plist";
				LD_RUNPATH_SEARCH_PATHS = "$(inherited) @executable_path/Frameworks";
				PRODUCT_BUNDLE_IDENTIFIER = "com.ladybirdwebsolutions.Faveo-Helpdesk-Community";
				PRODUCT_NAME = "$(TARGET_NAME)";
				TARGETED_DEVICE_FAMILY = 1;
			};
			name = Debug;
		};
		D9787ABC1DF800B6009C745F /* Release */ = {
			isa = XCBuildConfiguration;
			baseConfigurationReference = 5FF0F057EB1F20D172FC8AF6 /* Pods-Faveo Helpdesk Community.release.xcconfig */;
			buildSettings = {
				ASSETCATALOG_COMPILER_APPICON_NAME = "AppIcon-1";
				ASSETCATALOG_COMPILER_LAUNCHIMAGE_NAME = LaunchImage;
				DEVELOPMENT_TEAM = 8VY8B59STG;
				INFOPLIST_FILE = "Faveo Helpdesk Community/Info.plist";
				LD_RUNPATH_SEARCH_PATHS = "$(inherited) @executable_path/Frameworks";
				PRODUCT_BUNDLE_IDENTIFIER = "com.ladybirdwebsolutions.Faveo-Helpdesk-Community";
				PRODUCT_NAME = "$(TARGET_NAME)";
				TARGETED_DEVICE_FAMILY = 1;
			};
			name = Release;
		};
		D9787ABE1DF800B6009C745F /* Debug */ = {
			isa = XCBuildConfiguration;
			buildSettings = {
				BUNDLE_LOADER = "$(TEST_HOST)";
				DEVELOPMENT_TEAM = 6F87DA2D87;
				INFOPLIST_FILE = "Faveo Helpdesk CommunityTests/Info.plist";
				LD_RUNPATH_SEARCH_PATHS = "$(inherited) @executable_path/Frameworks @loader_path/Frameworks";
				PRODUCT_BUNDLE_IDENTIFIER = "com.ladybirdwebsolutions.Faveo-Helpdesk-CommunityTests";
				PRODUCT_NAME = "$(TARGET_NAME)";
				TEST_HOST = "$(BUILT_PRODUCTS_DIR)/Faveo Helpdesk Community.app/Faveo Helpdesk Community";
			};
			name = Debug;
		};
		D9787ABF1DF800B6009C745F /* Release */ = {
			isa = XCBuildConfiguration;
			buildSettings = {
				BUNDLE_LOADER = "$(TEST_HOST)";
				DEVELOPMENT_TEAM = 6F87DA2D87;
				INFOPLIST_FILE = "Faveo Helpdesk CommunityTests/Info.plist";
				LD_RUNPATH_SEARCH_PATHS = "$(inherited) @executable_path/Frameworks @loader_path/Frameworks";
				PRODUCT_BUNDLE_IDENTIFIER = "com.ladybirdwebsolutions.Faveo-Helpdesk-CommunityTests";
				PRODUCT_NAME = "$(TARGET_NAME)";
				TEST_HOST = "$(BUILT_PRODUCTS_DIR)/Faveo Helpdesk Community.app/Faveo Helpdesk Community";
			};
			name = Release;
		};
		D9787AC11DF800B6009C745F /* Debug */ = {
			isa = XCBuildConfiguration;
			buildSettings = {
				DEVELOPMENT_TEAM = 6F87DA2D87;
				INFOPLIST_FILE = "Faveo Helpdesk CommunityUITests/Info.plist";
				LD_RUNPATH_SEARCH_PATHS = "$(inherited) @executable_path/Frameworks @loader_path/Frameworks";
				PRODUCT_BUNDLE_IDENTIFIER = "com.ladybirdwebsolutions.Faveo-Helpdesk-CommunityUITests";
				PRODUCT_NAME = "$(TARGET_NAME)";
				TEST_TARGET_NAME = "Faveo Helpdesk Community";
			};
			name = Debug;
		};
		D9787AC21DF800B6009C745F /* Release */ = {
			isa = XCBuildConfiguration;
			buildSettings = {
				DEVELOPMENT_TEAM = 6F87DA2D87;
				INFOPLIST_FILE = "Faveo Helpdesk CommunityUITests/Info.plist";
				LD_RUNPATH_SEARCH_PATHS = "$(inherited) @executable_path/Frameworks @loader_path/Frameworks";
				PRODUCT_BUNDLE_IDENTIFIER = "com.ladybirdwebsolutions.Faveo-Helpdesk-CommunityUITests";
				PRODUCT_NAME = "$(TARGET_NAME)";
				TEST_TARGET_NAME = "Faveo Helpdesk Community";
			};
			name = Release;
		};
/* End XCBuildConfiguration section */

/* Begin XCConfigurationList section */
		D9787A881DF800B6009C745F /* Build configuration list for PBXProject "Faveo Helpdesk Community" */ = {
			isa = XCConfigurationList;
			buildConfigurations = (
				D9787AB81DF800B6009C745F /* Debug */,
				D9787AB91DF800B6009C745F /* Release */,
			);
			defaultConfigurationIsVisible = 0;
			defaultConfigurationName = Release;
		};
		D9787ABA1DF800B6009C745F /* Build configuration list for PBXNativeTarget "Faveo Helpdesk Community" */ = {
			isa = XCConfigurationList;
			buildConfigurations = (
				D9787ABB1DF800B6009C745F /* Debug */,
				D9787ABC1DF800B6009C745F /* Release */,
			);
			defaultConfigurationIsVisible = 0;
			defaultConfigurationName = Release;
		};
		D9787ABD1DF800B6009C745F /* Build configuration list for PBXNativeTarget "Faveo Helpdesk CommunityTests" */ = {
			isa = XCConfigurationList;
			buildConfigurations = (
				D9787ABE1DF800B6009C745F /* Debug */,
				D9787ABF1DF800B6009C745F /* Release */,
			);
			defaultConfigurationIsVisible = 0;
			defaultConfigurationName = Release;
		};
		D9787AC01DF800B6009C745F /* Build configuration list for PBXNativeTarget "Faveo Helpdesk CommunityUITests" */ = {
			isa = XCConfigurationList;
			buildConfigurations = (
				D9787AC11DF800B6009C745F /* Debug */,
				D9787AC21DF800B6009C745F /* Release */,
			);
			defaultConfigurationIsVisible = 0;
			defaultConfigurationName = Release;
		};
/* End XCConfigurationList section */
	};
	rootObject = D9787A851DF800B6009C745F /* Project object */;
}
