// !$*UTF8*$!
{
	archiveVersion = 1;
	classes = {
	};
	objectVersion = 46;
	objects = {

/* Begin PBXBuildFile section */
		1AB32A2460BBC9026C287619 /* libPods-Faveo Helpdesk Community.a in Frameworks */ = {isa = PBXBuildFile; fileRef = A09A5113BF2FF5F9301D5CB0 /* libPods-Faveo Helpdesk Community.a */; };
		D94371561DF8050800DB7376 /* faveoData.plist in Resources */ = {isa = PBXBuildFile; fileRef = D94371551DF8050800DB7376 /* faveoData.plist */; };
		D94371AD1DF8064200DB7376 /* Reachability.m in Sources */ = {isa = PBXBuildFile; fileRef = D94371AC1DF8064200DB7376 /* Reachability.m */; };
		D94371E71DF80C2700DB7376 /* SlideNavigationController.m in Sources */ = {isa = PBXBuildFile; fileRef = D94371DB1DF80C2700DB7376 /* SlideNavigationController.m */; };
		D94371E81DF80C2700DB7376 /* SlideNavigationContorllerAnimatorFade.m in Sources */ = {isa = PBXBuildFile; fileRef = D94371DE1DF80C2700DB7376 /* SlideNavigationContorllerAnimatorFade.m */; };
		D94371E91DF80C2700DB7376 /* SlideNavigationContorllerAnimatorScale.m in Sources */ = {isa = PBXBuildFile; fileRef = D94371E01DF80C2700DB7376 /* SlideNavigationContorllerAnimatorScale.m */; };
		D94371EA1DF80C2700DB7376 /* SlideNavigationContorllerAnimatorScaleAndFade.m in Sources */ = {isa = PBXBuildFile; fileRef = D94371E21DF80C2700DB7376 /* SlideNavigationContorllerAnimatorScaleAndFade.m */; };
		D94371EB1DF80C2700DB7376 /* SlideNavigationContorllerAnimatorSlide.m in Sources */ = {isa = PBXBuildFile; fileRef = D94371E41DF80C2700DB7376 /* SlideNavigationContorllerAnimatorSlide.m */; };
		D94371EC1DF80C2700DB7376 /* SlideNavigationContorllerAnimatorSlideAndFade.m in Sources */ = {isa = PBXBuildFile; fileRef = D94371E61DF80C2700DB7376 /* SlideNavigationContorllerAnimatorSlideAndFade.m */; };
		D94371F41DF80DA300DB7376 /* NetworkApi.m in Sources */ = {isa = PBXBuildFile; fileRef = D94371F11DF80DA300DB7376 /* NetworkApi.m */; };
		D94371F81DF8104800DB7376 /* SystemConfiguration.framework in Frameworks */ = {isa = PBXBuildFile; fileRef = D94371F71DF8104800DB7376 /* SystemConfiguration.framework */; };
		D94371FA1DF8105500DB7376 /* Foundation.framework in Frameworks */ = {isa = PBXBuildFile; fileRef = D94371F91DF8105500DB7376 /* Foundation.framework */; };
		D94371FC1DF8105C00DB7376 /* CoreGraphics.framework in Frameworks */ = {isa = PBXBuildFile; fileRef = D94371FB1DF8105C00DB7376 /* CoreGraphics.framework */; };
		D94371FE1DF8107400DB7376 /* UIKit.framework in Frameworks */ = {isa = PBXBuildFile; fileRef = D94371FD1DF8107400DB7376 /* UIKit.framework */; };
		D94372091DF8148D00DB7376 /* Data.m in Sources */ = {isa = PBXBuildFile; fileRef = D94372061DF8148D00DB7376 /* Data.m */; };
		D943720A1DF8148D00DB7376 /* GlobalVariables.m in Sources */ = {isa = PBXBuildFile; fileRef = D94372081DF8148D00DB7376 /* GlobalVariables.m */; };
		D943720D1DF814B900DB7376 /* MyWebservices.m in Sources */ = {isa = PBXBuildFile; fileRef = D943720C1DF814B900DB7376 /* MyWebservices.m */; };
		D94372101DF814DE00DB7376 /* Utils.m in Sources */ = {isa = PBXBuildFile; fileRef = D943720F1DF814DE00DB7376 /* Utils.m */; };
		D94372231DF8151100DB7376 /* TicketTableViewCell.m in Sources */ = {isa = PBXBuildFile; fileRef = D94372121DF8151100DB7376 /* TicketTableViewCell.m */; };
		D94372241DF8151100DB7376 /* TicketTableViewCell.xib in Resources */ = {isa = PBXBuildFile; fileRef = D94372131DF8151100DB7376 /* TicketTableViewCell.xib */; };
		D94372251DF8151100DB7376 /* ClientListTableViewCell.m in Sources */ = {isa = PBXBuildFile; fileRef = D94372151DF8151100DB7376 /* ClientListTableViewCell.m */; };
		D94372261DF8151100DB7376 /* ClientListTableViewCell.xib in Resources */ = {isa = PBXBuildFile; fileRef = D94372161DF8151100DB7376 /* ClientListTableViewCell.xib */; };
		D94372271DF8151100DB7376 /* ClientTicketTableViewCell.m in Sources */ = {isa = PBXBuildFile; fileRef = D94372181DF8151100DB7376 /* ClientTicketTableViewCell.m */; };
		D94372281DF8151100DB7376 /* ClientTicketTableViewCell.xib in Resources */ = {isa = PBXBuildFile; fileRef = D94372191DF8151100DB7376 /* ClientTicketTableViewCell.xib */; };
		D94372291DF8151100DB7376 /* ConversationTableViewCell.m in Sources */ = {isa = PBXBuildFile; fileRef = D943721B1DF8151100DB7376 /* ConversationTableViewCell.m */; };
		D943722A1DF8151100DB7376 /* ConversationTableViewCell.xib in Resources */ = {isa = PBXBuildFile; fileRef = D943721C1DF8151100DB7376 /* ConversationTableViewCell.xib */; };
		D943722B1DF8151100DB7376 /* OpenCloseTableViewCell.m in Sources */ = {isa = PBXBuildFile; fileRef = D943721E1DF8151100DB7376 /* OpenCloseTableViewCell.m */; };
		D943722C1DF8151100DB7376 /* OpenCloseTableViewCell.xib in Resources */ = {isa = PBXBuildFile; fileRef = D943721F1DF8151100DB7376 /* OpenCloseTableViewCell.xib */; };
		D943722D1DF8151100DB7376 /* LoadingTableViewCell.m in Sources */ = {isa = PBXBuildFile; fileRef = D94372211DF8151100DB7376 /* LoadingTableViewCell.m */; };
		D943722E1DF8151100DB7376 /* LoadingTableViewCell.xib in Resources */ = {isa = PBXBuildFile; fileRef = D94372221DF8151100DB7376 /* LoadingTableViewCell.xib */; };
		D943724B1DF8153400DB7376 /* LeftMenuViewController.m in Sources */ = {isa = PBXBuildFile; fileRef = D94372301DF8153400DB7376 /* LeftMenuViewController.m */; };
		D943724C1DF8153400DB7376 /* LoginViewController.m in Sources */ = {isa = PBXBuildFile; fileRef = D94372321DF8153400DB7376 /* LoginViewController.m */; };
		D943724D1DF8153400DB7376 /* UnassignedTicketsViewController.m in Sources */ = {isa = PBXBuildFile; fileRef = D94372341DF8153400DB7376 /* UnassignedTicketsViewController.m */; };
		D943724E1DF8153400DB7376 /* ClientListViewController.m in Sources */ = {isa = PBXBuildFile; fileRef = D94372361DF8153400DB7376 /* ClientListViewController.m */; };
		D943724F1DF8153400DB7376 /* TrashTicketsViewController.m in Sources */ = {isa = PBXBuildFile; fileRef = D94372381DF8153400DB7376 /* TrashTicketsViewController.m */; };
		D94372501DF8153400DB7376 /* ClosedTicketsViewController.m in Sources */ = {isa = PBXBuildFile; fileRef = D943723A1DF8153400DB7376 /* ClosedTicketsViewController.m */; };
		D94372511DF8153400DB7376 /* MyTicketsViewController.m in Sources */ = {isa = PBXBuildFile; fileRef = D943723C1DF8153400DB7376 /* MyTicketsViewController.m */; };
		D94372521DF8153400DB7376 /* CreateTicketViewController.m in Sources */ = {isa = PBXBuildFile; fileRef = D943723E1DF8153400DB7376 /* CreateTicketViewController.m */; };
		D94372531DF8153400DB7376 /* InboxViewController.m in Sources */ = {isa = PBXBuildFile; fileRef = D94372401DF8153400DB7376 /* InboxViewController.m */; };
		D94372541DF8153400DB7376 /* TicketDetailViewController.m in Sources */ = {isa = PBXBuildFile; fileRef = D94372421DF8153400DB7376 /* TicketDetailViewController.m */; };
		D94372551DF8153400DB7376 /* AboutViewController.m in Sources */ = {isa = PBXBuildFile; fileRef = D94372441DF8153400DB7376 /* AboutViewController.m */; };
		D94372561DF8153400DB7376 /* ClientDetailViewController.m in Sources */ = {isa = PBXBuildFile; fileRef = D94372461DF8153400DB7376 /* ClientDetailViewController.m */; };
		D94372571DF8153400DB7376 /* ConversationViewController.m in Sources */ = {isa = PBXBuildFile; fileRef = D94372481DF8153400DB7376 /* ConversationViewController.m */; };
		D94372581DF8153400DB7376 /* DetailViewController.m in Sources */ = {isa = PBXBuildFile; fileRef = D943724A1DF8153400DB7376 /* DetailViewController.m */; };
		D9787A921DF800B6009C745F /* main.m in Sources */ = {isa = PBXBuildFile; fileRef = D9787A911DF800B6009C745F /* main.m */; };
		D9787A951DF800B6009C745F /* AppDelegate.m in Sources */ = {isa = PBXBuildFile; fileRef = D9787A941DF800B6009C745F /* AppDelegate.m */; };
		D9787A9B1DF800B6009C745F /* Main.storyboard in Resources */ = {isa = PBXBuildFile; fileRef = D9787A991DF800B6009C745F /* Main.storyboard */; };
		D9787A9D1DF800B6009C745F /* Assets.xcassets in Resources */ = {isa = PBXBuildFile; fileRef = D9787A9C1DF800B6009C745F /* Assets.xcassets */; };
		D9787AA01DF800B6009C745F /* LaunchScreen.storyboard in Resources */ = {isa = PBXBuildFile; fileRef = D9787A9E1DF800B6009C745F /* LaunchScreen.storyboard */; };
		D9787AAB1DF800B6009C745F /* Faveo_Helpdesk_CommunityTests.m in Sources */ = {isa = PBXBuildFile; fileRef = D9787AAA1DF800B6009C745F /* Faveo_Helpdesk_CommunityTests.m */; };
		D9787AB61DF800B6009C745F /* Faveo_Helpdesk_CommunityUITests.m in Sources */ = {isa = PBXBuildFile; fileRef = D9787AB51DF800B6009C745F /* Faveo_Helpdesk_CommunityUITests.m */; };
		D99C60611DFA7B70006FE5E5 /* countries.json in Resources */ = {isa = PBXBuildFile; fileRef = D99C60601DFA7B70006FE5E5 /* countries.json */; };
/* End PBXBuildFile section */

/* Begin PBXContainerItemProxy section */
		D9787AA71DF800B6009C745F /* PBXContainerItemProxy */ = {
			isa = PBXContainerItemProxy;
			containerPortal = D9787A851DF800B6009C745F /* Project object */;
			proxyType = 1;
			remoteGlobalIDString = D9787A8C1DF800B6009C745F;
			remoteInfo = "Faveo Helpdesk Community";
		};
		D9787AB21DF800B6009C745F /* PBXContainerItemProxy */ = {
			isa = PBXContainerItemProxy;
			containerPortal = D9787A851DF800B6009C745F /* Project object */;
			proxyType = 1;
			remoteGlobalIDString = D9787A8C1DF800B6009C745F;
			remoteInfo = "Faveo Helpdesk Community";
		};
/* End PBXContainerItemProxy section */

/* Begin PBXFileReference section */
		915F307D68DBDCCB69A2FBFB /* Pods-Faveo Helpdesk Community.release.xcconfig */ = {isa = PBXFileReference; includeInIndex = 1; lastKnownFileType = text.xcconfig; name = "Pods-Faveo Helpdesk Community.release.xcconfig"; path = "Pods/Target Support Files/Pods-Faveo Helpdesk Community/Pods-Faveo Helpdesk Community.release.xcconfig"; sourceTree = "<group>"; };
		A09A5113BF2FF5F9301D5CB0 /* libPods-Faveo Helpdesk Community.a */ = {isa = PBXFileReference; explicitFileType = archive.ar; includeInIndex = 0; path = "libPods-Faveo Helpdesk Community.a"; sourceTree = BUILT_PRODUCTS_DIR; };
		CCCC239757CE7B543ACA6EFF /* Pods-Faveo Helpdesk Community.debug.xcconfig */ = {isa = PBXFileReference; includeInIndex = 1; lastKnownFileType = text.xcconfig; name = "Pods-Faveo Helpdesk Community.debug.xcconfig"; path = "Pods/Target Support Files/Pods-Faveo Helpdesk Community/Pods-Faveo Helpdesk Community.debug.xcconfig"; sourceTree = "<group>"; };
		D94371551DF8050800DB7376 /* faveoData.plist */ = {isa = PBXFileReference; fileEncoding = 4; lastKnownFileType = text.plist.xml; path = faveoData.plist; sourceTree = "<group>"; };
		D94371AB1DF8064200DB7376 /* Reachability.h */ = {isa = PBXFileReference; fileEncoding = 4; lastKnownFileType = sourcecode.c.h; path = Reachability.h; sourceTree = "<group>"; };
		D94371AC1DF8064200DB7376 /* Reachability.m */ = {isa = PBXFileReference; fileEncoding = 4; lastKnownFileType = sourcecode.c.objc; path = Reachability.m; sourceTree = "<group>"; };
		D94371DA1DF80C2700DB7376 /* SlideNavigationController.h */ = {isa = PBXFileReference; fileEncoding = 4; lastKnownFileType = sourcecode.c.h; path = SlideNavigationController.h; sourceTree = "<group>"; };
		D94371DB1DF80C2700DB7376 /* SlideNavigationController.m */ = {isa = PBXFileReference; fileEncoding = 4; lastKnownFileType = sourcecode.c.objc; path = SlideNavigationController.m; sourceTree = "<group>"; };
		D94371DC1DF80C2700DB7376 /* SlideNavigationContorllerAnimator.h */ = {isa = PBXFileReference; fileEncoding = 4; lastKnownFileType = sourcecode.c.h; path = SlideNavigationContorllerAnimator.h; sourceTree = "<group>"; };
		D94371DD1DF80C2700DB7376 /* SlideNavigationContorllerAnimatorFade.h */ = {isa = PBXFileReference; fileEncoding = 4; lastKnownFileType = sourcecode.c.h; path = SlideNavigationContorllerAnimatorFade.h; sourceTree = "<group>"; };
		D94371DE1DF80C2700DB7376 /* SlideNavigationContorllerAnimatorFade.m */ = {isa = PBXFileReference; fileEncoding = 4; lastKnownFileType = sourcecode.c.objc; path = SlideNavigationContorllerAnimatorFade.m; sourceTree = "<group>"; };
		D94371DF1DF80C2700DB7376 /* SlideNavigationContorllerAnimatorScale.h */ = {isa = PBXFileReference; fileEncoding = 4; lastKnownFileType = sourcecode.c.h; path = SlideNavigationContorllerAnimatorScale.h; sourceTree = "<group>"; };
		D94371E01DF80C2700DB7376 /* SlideNavigationContorllerAnimatorScale.m */ = {isa = PBXFileReference; fileEncoding = 4; lastKnownFileType = sourcecode.c.objc; path = SlideNavigationContorllerAnimatorScale.m; sourceTree = "<group>"; };
		D94371E11DF80C2700DB7376 /* SlideNavigationContorllerAnimatorScaleAndFade.h */ = {isa = PBXFileReference; fileEncoding = 4; lastKnownFileType = sourcecode.c.h; path = SlideNavigationContorllerAnimatorScaleAndFade.h; sourceTree = "<group>"; };
		D94371E21DF80C2700DB7376 /* SlideNavigationContorllerAnimatorScaleAndFade.m */ = {isa = PBXFileReference; fileEncoding = 4; lastKnownFileType = sourcecode.c.objc; path = SlideNavigationContorllerAnimatorScaleAndFade.m; sourceTree = "<group>"; };
		D94371E31DF80C2700DB7376 /* SlideNavigationContorllerAnimatorSlide.h */ = {isa = PBXFileReference; fileEncoding = 4; lastKnownFileType = sourcecode.c.h; path = SlideNavigationContorllerAnimatorSlide.h; sourceTree = "<group>"; };
		D94371E41DF80C2700DB7376 /* SlideNavigationContorllerAnimatorSlide.m */ = {isa = PBXFileReference; fileEncoding = 4; lastKnownFileType = sourcecode.c.objc; path = SlideNavigationContorllerAnimatorSlide.m; sourceTree = "<group>"; };
		D94371E51DF80C2700DB7376 /* SlideNavigationContorllerAnimatorSlideAndFade.h */ = {isa = PBXFileReference; fileEncoding = 4; lastKnownFileType = sourcecode.c.h; path = SlideNavigationContorllerAnimatorSlideAndFade.h; sourceTree = "<group>"; };
		D94371E61DF80C2700DB7376 /* SlideNavigationContorllerAnimatorSlideAndFade.m */ = {isa = PBXFileReference; fileEncoding = 4; lastKnownFileType = sourcecode.c.objc; path = SlideNavigationContorllerAnimatorSlideAndFade.m; sourceTree = "<group>"; };
		D94371F01DF80DA300DB7376 /* NetworkApi.h */ = {isa = PBXFileReference; fileEncoding = 4; lastKnownFileType = sourcecode.c.h; path = NetworkApi.h; sourceTree = "<group>"; };
		D94371F11DF80DA300DB7376 /* NetworkApi.m */ = {isa = PBXFileReference; fileEncoding = 4; lastKnownFileType = sourcecode.c.objc; path = NetworkApi.m; sourceTree = "<group>"; };
		D94371F21DF80DA300DB7376 /* AppConstanst.h */ = {isa = PBXFileReference; fileEncoding = 4; lastKnownFileType = sourcecode.c.h; path = AppConstanst.h; sourceTree = "<group>"; };
		D94371F71DF8104800DB7376 /* SystemConfiguration.framework */ = {isa = PBXFileReference; lastKnownFileType = wrapper.framework; name = SystemConfiguration.framework; path = System/Library/Frameworks/SystemConfiguration.framework; sourceTree = SDKROOT; };
		D94371F91DF8105500DB7376 /* Foundation.framework */ = {isa = PBXFileReference; lastKnownFileType = wrapper.framework; name = Foundation.framework; path = System/Library/Frameworks/Foundation.framework; sourceTree = SDKROOT; };
		D94371FB1DF8105C00DB7376 /* CoreGraphics.framework */ = {isa = PBXFileReference; lastKnownFileType = wrapper.framework; name = CoreGraphics.framework; path = System/Library/Frameworks/CoreGraphics.framework; sourceTree = SDKROOT; };
		D94371FD1DF8107400DB7376 /* UIKit.framework */ = {isa = PBXFileReference; lastKnownFileType = wrapper.framework; name = UIKit.framework; path = System/Library/Frameworks/UIKit.framework; sourceTree = SDKROOT; };
		D94372051DF8148D00DB7376 /* Data.h */ = {isa = PBXFileReference; fileEncoding = 4; lastKnownFileType = sourcecode.c.h; path = Data.h; sourceTree = "<group>"; };
		D94372061DF8148D00DB7376 /* Data.m */ = {isa = PBXFileReference; fileEncoding = 4; lastKnownFileType = sourcecode.c.objc; path = Data.m; sourceTree = "<group>"; };
		D94372071DF8148D00DB7376 /* GlobalVariables.h */ = {isa = PBXFileReference; fileEncoding = 4; lastKnownFileType = sourcecode.c.h; path = GlobalVariables.h; sourceTree = "<group>"; };
		D94372081DF8148D00DB7376 /* GlobalVariables.m */ = {isa = PBXFileReference; fileEncoding = 4; lastKnownFileType = sourcecode.c.objc; path = GlobalVariables.m; sourceTree = "<group>"; };
		D943720B1DF814B900DB7376 /* MyWebservices.h */ = {isa = PBXFileReference; fileEncoding = 4; lastKnownFileType = sourcecode.c.h; path = MyWebservices.h; sourceTree = "<group>"; };
		D943720C1DF814B900DB7376 /* MyWebservices.m */ = {isa = PBXFileReference; fileEncoding = 4; lastKnownFileType = sourcecode.c.objc; path = MyWebservices.m; sourceTree = "<group>"; };
		D943720E1DF814DE00DB7376 /* Utils.h */ = {isa = PBXFileReference; fileEncoding = 4; lastKnownFileType = sourcecode.c.h; path = Utils.h; sourceTree = "<group>"; };
		D943720F1DF814DE00DB7376 /* Utils.m */ = {isa = PBXFileReference; fileEncoding = 4; lastKnownFileType = sourcecode.c.objc; path = Utils.m; sourceTree = "<group>"; };
		D94372111DF8151100DB7376 /* TicketTableViewCell.h */ = {isa = PBXFileReference; fileEncoding = 4; lastKnownFileType = sourcecode.c.h; path = TicketTableViewCell.h; sourceTree = "<group>"; };
		D94372121DF8151100DB7376 /* TicketTableViewCell.m */ = {isa = PBXFileReference; fileEncoding = 4; lastKnownFileType = sourcecode.c.objc; path = TicketTableViewCell.m; sourceTree = "<group>"; };
		D94372131DF8151100DB7376 /* TicketTableViewCell.xib */ = {isa = PBXFileReference; fileEncoding = 4; lastKnownFileType = file.xib; path = TicketTableViewCell.xib; sourceTree = "<group>"; };
		D94372141DF8151100DB7376 /* ClientListTableViewCell.h */ = {isa = PBXFileReference; fileEncoding = 4; lastKnownFileType = sourcecode.c.h; path = ClientListTableViewCell.h; sourceTree = "<group>"; };
		D94372151DF8151100DB7376 /* ClientListTableViewCell.m */ = {isa = PBXFileReference; fileEncoding = 4; lastKnownFileType = sourcecode.c.objc; path = ClientListTableViewCell.m; sourceTree = "<group>"; };
		D94372161DF8151100DB7376 /* ClientListTableViewCell.xib */ = {isa = PBXFileReference; fileEncoding = 4; lastKnownFileType = file.xib; path = ClientListTableViewCell.xib; sourceTree = "<group>"; };
		D94372171DF8151100DB7376 /* ClientTicketTableViewCell.h */ = {isa = PBXFileReference; fileEncoding = 4; lastKnownFileType = sourcecode.c.h; path = ClientTicketTableViewCell.h; sourceTree = "<group>"; };
		D94372181DF8151100DB7376 /* ClientTicketTableViewCell.m */ = {isa = PBXFileReference; fileEncoding = 4; lastKnownFileType = sourcecode.c.objc; path = ClientTicketTableViewCell.m; sourceTree = "<group>"; };
		D94372191DF8151100DB7376 /* ClientTicketTableViewCell.xib */ = {isa = PBXFileReference; fileEncoding = 4; lastKnownFileType = file.xib; path = ClientTicketTableViewCell.xib; sourceTree = "<group>"; };
		D943721A1DF8151100DB7376 /* ConversationTableViewCell.h */ = {isa = PBXFileReference; fileEncoding = 4; lastKnownFileType = sourcecode.c.h; path = ConversationTableViewCell.h; sourceTree = "<group>"; };
		D943721B1DF8151100DB7376 /* ConversationTableViewCell.m */ = {isa = PBXFileReference; fileEncoding = 4; lastKnownFileType = sourcecode.c.objc; path = ConversationTableViewCell.m; sourceTree = "<group>"; };
		D943721C1DF8151100DB7376 /* ConversationTableViewCell.xib */ = {isa = PBXFileReference; fileEncoding = 4; lastKnownFileType = file.xib; path = ConversationTableViewCell.xib; sourceTree = "<group>"; };
		D943721D1DF8151100DB7376 /* OpenCloseTableViewCell.h */ = {isa = PBXFileReference; fileEncoding = 4; lastKnownFileType = sourcecode.c.h; path = OpenCloseTableViewCell.h; sourceTree = "<group>"; };
		D943721E1DF8151100DB7376 /* OpenCloseTableViewCell.m */ = {isa = PBXFileReference; fileEncoding = 4; lastKnownFileType = sourcecode.c.objc; path = OpenCloseTableViewCell.m; sourceTree = "<group>"; };
		D943721F1DF8151100DB7376 /* OpenCloseTableViewCell.xib */ = {isa = PBXFileReference; fileEncoding = 4; lastKnownFileType = file.xib; path = OpenCloseTableViewCell.xib; sourceTree = "<group>"; };
		D94372201DF8151100DB7376 /* LoadingTableViewCell.h */ = {isa = PBXFileReference; fileEncoding = 4; lastKnownFileType = sourcecode.c.h; path = LoadingTableViewCell.h; sourceTree = "<group>"; };
		D94372211DF8151100DB7376 /* LoadingTableViewCell.m */ = {isa = PBXFileReference; fileEncoding = 4; lastKnownFileType = sourcecode.c.objc; path = LoadingTableViewCell.m; sourceTree = "<group>"; };
		D94372221DF8151100DB7376 /* LoadingTableViewCell.xib */ = {isa = PBXFileReference; fileEncoding = 4; lastKnownFileType = file.xib; path = LoadingTableViewCell.xib; sourceTree = "<group>"; };
		D943722F1DF8153400DB7376 /* LeftMenuViewController.h */ = {isa = PBXFileReference; fileEncoding = 4; lastKnownFileType = sourcecode.c.h; path = LeftMenuViewController.h; sourceTree = "<group>"; };
		D94372301DF8153400DB7376 /* LeftMenuViewController.m */ = {isa = PBXFileReference; fileEncoding = 4; lastKnownFileType = sourcecode.c.objc; path = LeftMenuViewController.m; sourceTree = "<group>"; };
		D94372311DF8153400DB7376 /* LoginViewController.h */ = {isa = PBXFileReference; fileEncoding = 4; lastKnownFileType = sourcecode.c.h; path = LoginViewController.h; sourceTree = "<group>"; };
		D94372321DF8153400DB7376 /* LoginViewController.m */ = {isa = PBXFileReference; fileEncoding = 4; lastKnownFileType = sourcecode.c.objc; path = LoginViewController.m; sourceTree = "<group>"; };
		D94372331DF8153400DB7376 /* UnassignedTicketsViewController.h */ = {isa = PBXFileReference; fileEncoding = 4; lastKnownFileType = sourcecode.c.h; path = UnassignedTicketsViewController.h; sourceTree = "<group>"; };
		D94372341DF8153400DB7376 /* UnassignedTicketsViewController.m */ = {isa = PBXFileReference; fileEncoding = 4; lastKnownFileType = sourcecode.c.objc; path = UnassignedTicketsViewController.m; sourceTree = "<group>"; };
		D94372351DF8153400DB7376 /* ClientListViewController.h */ = {isa = PBXFileReference; fileEncoding = 4; lastKnownFileType = sourcecode.c.h; path = ClientListViewController.h; sourceTree = "<group>"; };
		D94372361DF8153400DB7376 /* ClientListViewController.m */ = {isa = PBXFileReference; fileEncoding = 4; lastKnownFileType = sourcecode.c.objc; path = ClientListViewController.m; sourceTree = "<group>"; };
		D94372371DF8153400DB7376 /* TrashTicketsViewController.h */ = {isa = PBXFileReference; fileEncoding = 4; lastKnownFileType = sourcecode.c.h; path = TrashTicketsViewController.h; sourceTree = "<group>"; };
		D94372381DF8153400DB7376 /* TrashTicketsViewController.m */ = {isa = PBXFileReference; fileEncoding = 4; lastKnownFileType = sourcecode.c.objc; path = TrashTicketsViewController.m; sourceTree = "<group>"; };
		D94372391DF8153400DB7376 /* ClosedTicketsViewController.h */ = {isa = PBXFileReference; fileEncoding = 4; lastKnownFileType = sourcecode.c.h; path = ClosedTicketsViewController.h; sourceTree = "<group>"; };
		D943723A1DF8153400DB7376 /* ClosedTicketsViewController.m */ = {isa = PBXFileReference; fileEncoding = 4; lastKnownFileType = sourcecode.c.objc; path = ClosedTicketsViewController.m; sourceTree = "<group>"; };
		D943723B1DF8153400DB7376 /* MyTicketsViewController.h */ = {isa = PBXFileReference; fileEncoding = 4; lastKnownFileType = sourcecode.c.h; path = MyTicketsViewController.h; sourceTree = "<group>"; };
		D943723C1DF8153400DB7376 /* MyTicketsViewController.m */ = {isa = PBXFileReference; fileEncoding = 4; lastKnownFileType = sourcecode.c.objc; path = MyTicketsViewController.m; sourceTree = "<group>"; };
		D943723D1DF8153400DB7376 /* CreateTicketViewController.h */ = {isa = PBXFileReference; fileEncoding = 4; lastKnownFileType = sourcecode.c.h; path = CreateTicketViewController.h; sourceTree = "<group>"; };
		D943723E1DF8153400DB7376 /* CreateTicketViewController.m */ = {isa = PBXFileReference; fileEncoding = 4; lastKnownFileType = sourcecode.c.objc; path = CreateTicketViewController.m; sourceTree = "<group>"; };
		D943723F1DF8153400DB7376 /* InboxViewController.h */ = {isa = PBXFileReference; fileEncoding = 4; lastKnownFileType = sourcecode.c.h; path = InboxViewController.h; sourceTree = "<group>"; };
		D94372401DF8153400DB7376 /* InboxViewController.m */ = {isa = PBXFileReference; fileEncoding = 4; lastKnownFileType = sourcecode.c.objc; path = InboxViewController.m; sourceTree = "<group>"; };
		D94372411DF8153400DB7376 /* TicketDetailViewController.h */ = {isa = PBXFileReference; fileEncoding = 4; lastKnownFileType = sourcecode.c.h; path = TicketDetailViewController.h; sourceTree = "<group>"; };
		D94372421DF8153400DB7376 /* TicketDetailViewController.m */ = {isa = PBXFileReference; fileEncoding = 4; lastKnownFileType = sourcecode.c.objc; path = TicketDetailViewController.m; sourceTree = "<group>"; };
		D94372431DF8153400DB7376 /* AboutViewController.h */ = {isa = PBXFileReference; fileEncoding = 4; lastKnownFileType = sourcecode.c.h; path = AboutViewController.h; sourceTree = "<group>"; };
		D94372441DF8153400DB7376 /* AboutViewController.m */ = {isa = PBXFileReference; fileEncoding = 4; lastKnownFileType = sourcecode.c.objc; path = AboutViewController.m; sourceTree = "<group>"; };
		D94372451DF8153400DB7376 /* ClientDetailViewController.h */ = {isa = PBXFileReference; fileEncoding = 4; lastKnownFileType = sourcecode.c.h; path = ClientDetailViewController.h; sourceTree = "<group>"; };
		D94372461DF8153400DB7376 /* ClientDetailViewController.m */ = {isa = PBXFileReference; fileEncoding = 4; lastKnownFileType = sourcecode.c.objc; path = ClientDetailViewController.m; sourceTree = "<group>"; };
		D94372471DF8153400DB7376 /* ConversationViewController.h */ = {isa = PBXFileReference; fileEncoding = 4; lastKnownFileType = sourcecode.c.h; path = ConversationViewController.h; sourceTree = "<group>"; };
		D94372481DF8153400DB7376 /* ConversationViewController.m */ = {isa = PBXFileReference; fileEncoding = 4; lastKnownFileType = sourcecode.c.objc; path = ConversationViewController.m; sourceTree = "<group>"; };
		D94372491DF8153400DB7376 /* DetailViewController.h */ = {isa = PBXFileReference; fileEncoding = 4; lastKnownFileType = sourcecode.c.h; path = DetailViewController.h; sourceTree = "<group>"; };
		D943724A1DF8153400DB7376 /* DetailViewController.m */ = {isa = PBXFileReference; fileEncoding = 4; lastKnownFileType = sourcecode.c.objc; path = DetailViewController.m; sourceTree = "<group>"; };
		D9787A8D1DF800B6009C745F /* Faveo Helpdesk Community.app */ = {isa = PBXFileReference; explicitFileType = wrapper.application; includeInIndex = 0; path = "Faveo Helpdesk Community.app"; sourceTree = BUILT_PRODUCTS_DIR; };
		D9787A911DF800B6009C745F /* main.m */ = {isa = PBXFileReference; lastKnownFileType = sourcecode.c.objc; path = main.m; sourceTree = "<group>"; };
		D9787A931DF800B6009C745F /* AppDelegate.h */ = {isa = PBXFileReference; lastKnownFileType = sourcecode.c.h; path = AppDelegate.h; sourceTree = "<group>"; };
		D9787A941DF800B6009C745F /* AppDelegate.m */ = {isa = PBXFileReference; lastKnownFileType = sourcecode.c.objc; path = AppDelegate.m; sourceTree = "<group>"; };
		D9787A9A1DF800B6009C745F /* Base */ = {isa = PBXFileReference; lastKnownFileType = file.storyboard; name = Base; path = Base.lproj/Main.storyboard; sourceTree = "<group>"; };
		D9787A9C1DF800B6009C745F /* Assets.xcassets */ = {isa = PBXFileReference; lastKnownFileType = folder.assetcatalog; path = Assets.xcassets; sourceTree = "<group>"; };
		D9787A9F1DF800B6009C745F /* Base */ = {isa = PBXFileReference; lastKnownFileType = file.storyboard; name = Base; path = Base.lproj/LaunchScreen.storyboard; sourceTree = "<group>"; };
		D9787AA11DF800B6009C745F /* Info.plist */ = {isa = PBXFileReference; lastKnownFileType = text.plist.xml; path = Info.plist; sourceTree = "<group>"; };
		D9787AA61DF800B6009C745F /* Faveo Helpdesk CommunityTests.xctest */ = {isa = PBXFileReference; explicitFileType = wrapper.cfbundle; includeInIndex = 0; path = "Faveo Helpdesk CommunityTests.xctest"; sourceTree = BUILT_PRODUCTS_DIR; };
		D9787AAA1DF800B6009C745F /* Faveo_Helpdesk_CommunityTests.m */ = {isa = PBXFileReference; lastKnownFileType = sourcecode.c.objc; path = Faveo_Helpdesk_CommunityTests.m; sourceTree = "<group>"; };
		D9787AAC1DF800B6009C745F /* Info.plist */ = {isa = PBXFileReference; lastKnownFileType = text.plist.xml; path = Info.plist; sourceTree = "<group>"; };
		D9787AB11DF800B6009C745F /* Faveo Helpdesk CommunityUITests.xctest */ = {isa = PBXFileReference; explicitFileType = wrapper.cfbundle; includeInIndex = 0; path = "Faveo Helpdesk CommunityUITests.xctest"; sourceTree = BUILT_PRODUCTS_DIR; };
		D9787AB51DF800B6009C745F /* Faveo_Helpdesk_CommunityUITests.m */ = {isa = PBXFileReference; lastKnownFileType = sourcecode.c.objc; path = Faveo_Helpdesk_CommunityUITests.m; sourceTree = "<group>"; };
		D9787AB71DF800B6009C745F /* Info.plist */ = {isa = PBXFileReference; lastKnownFileType = text.plist.xml; path = Info.plist; sourceTree = "<group>"; };
		D99C60601DFA7B70006FE5E5 /* countries.json */ = {isa = PBXFileReference; fileEncoding = 4; lastKnownFileType = text.json; path = countries.json; sourceTree = "<group>"; };
/* End PBXFileReference section */

/* Begin PBXFrameworksBuildPhase section */
		D9787A8A1DF800B6009C745F /* Frameworks */ = {
			isa = PBXFrameworksBuildPhase;
			buildActionMask = 2147483647;
			files = (
				D94371FE1DF8107400DB7376 /* UIKit.framework in Frameworks */,
				D94371FA1DF8105500DB7376 /* Foundation.framework in Frameworks */,
				D94371FC1DF8105C00DB7376 /* CoreGraphics.framework in Frameworks */,
				D94371F81DF8104800DB7376 /* SystemConfiguration.framework in Frameworks */,
				1AB32A2460BBC9026C287619 /* libPods-Faveo Helpdesk Community.a in Frameworks */,
			);
			runOnlyForDeploymentPostprocessing = 0;
		};
		D9787AA31DF800B6009C745F /* Frameworks */ = {
			isa = PBXFrameworksBuildPhase;
			buildActionMask = 2147483647;
			files = (
			);
			runOnlyForDeploymentPostprocessing = 0;
		};
		D9787AAE1DF800B6009C745F /* Frameworks */ = {
			isa = PBXFrameworksBuildPhase;
			buildActionMask = 2147483647;
			files = (
			);
			runOnlyForDeploymentPostprocessing = 0;
		};
/* End PBXFrameworksBuildPhase section */

/* Begin PBXGroup section */
		2CAB3CDDF33496B489181EC7 /* Pods */ = {
			isa = PBXGroup;
			children = (
				CCCC239757CE7B543ACA6EFF /* Pods-Faveo Helpdesk Community.debug.xcconfig */,
				915F307D68DBDCCB69A2FBFB /* Pods-Faveo Helpdesk Community.release.xcconfig */,
			);
			name = Pods;
			sourceTree = "<group>";
		};
		D94371571DF8059900DB7376 /* Librarys */ = {
			isa = PBXGroup;
			children = (
				D94371D11DF80BC400DB7376 /* SideMenu */,
				D94371B21DF8066C00DB7376 /* Reachability */,
			);
			name = Librarys;
			sourceTree = "<group>";
		};
		D94371B21DF8066C00DB7376 /* Reachability */ = {
			isa = PBXGroup;
			children = (
				D94371AB1DF8064200DB7376 /* Reachability.h */,
				D94371AC1DF8064200DB7376 /* Reachability.m */,
			);
			name = Reachability;
			sourceTree = "<group>";
		};
		D94371D11DF80BC400DB7376 /* SideMenu */ = {
			isa = PBXGroup;
			children = (
				D94371DA1DF80C2700DB7376 /* SlideNavigationController.h */,
				D94371DB1DF80C2700DB7376 /* SlideNavigationController.m */,
				D94371DC1DF80C2700DB7376 /* SlideNavigationContorllerAnimator.h */,
				D94371DD1DF80C2700DB7376 /* SlideNavigationContorllerAnimatorFade.h */,
				D94371DE1DF80C2700DB7376 /* SlideNavigationContorllerAnimatorFade.m */,
				D94371DF1DF80C2700DB7376 /* SlideNavigationContorllerAnimatorScale.h */,
				D94371E01DF80C2700DB7376 /* SlideNavigationContorllerAnimatorScale.m */,
				D94371E11DF80C2700DB7376 /* SlideNavigationContorllerAnimatorScaleAndFade.h */,
				D94371E21DF80C2700DB7376 /* SlideNavigationContorllerAnimatorScaleAndFade.m */,
				D94371E31DF80C2700DB7376 /* SlideNavigationContorllerAnimatorSlide.h */,
				D94371E41DF80C2700DB7376 /* SlideNavigationContorllerAnimatorSlide.m */,
				D94371E51DF80C2700DB7376 /* SlideNavigationContorllerAnimatorSlideAndFade.h */,
				D94371E61DF80C2700DB7376 /* SlideNavigationContorllerAnimatorSlideAndFade.m */,
			);
			name = SideMenu;
			sourceTree = "<group>";
		};
		D94371ED1DF80D8600DB7376 /* OtherClasses */ = {
			isa = PBXGroup;
			children = (
				D94371F01DF80DA300DB7376 /* NetworkApi.h */,
				D94371F11DF80DA300DB7376 /* NetworkApi.m */,
				D94371F21DF80DA300DB7376 /* AppConstanst.h */,
				D9787A931DF800B6009C745F /* AppDelegate.h */,
				D9787A941DF800B6009C745F /* AppDelegate.m */,
			);
			name = OtherClasses;
			sourceTree = "<group>";
		};
		D94371F51DF80DD100DB7376 /* Classes */ = {
			isa = PBXGroup;
			children = (
				D94372031DF8145A00DB7376 /* ViewControllers */,
				D94372041DF8147300DB7376 /* Xibs */,
				D94372011DF8144500DB7376 /* Model */,
				D94372001DF8143500DB7376 /* Webservices */,
				D94371FF1DF8142F00DB7376 /* Utils */,
				D94371ED1DF80D8600DB7376 /* OtherClasses */,
			);
			name = Classes;
			sourceTree = "<group>";
		};
		D94371F61DF8104800DB7376 /* Frameworks */ = {
			isa = PBXGroup;
			children = (
				D94371FD1DF8107400DB7376 /* UIKit.framework */,
				D94371FB1DF8105C00DB7376 /* CoreGraphics.framework */,
				D94371F91DF8105500DB7376 /* Foundation.framework */,
				D94371F71DF8104800DB7376 /* SystemConfiguration.framework */,
				A09A5113BF2FF5F9301D5CB0 /* libPods-Faveo Helpdesk Community.a */,
			);
			name = Frameworks;
			sourceTree = "<group>";
		};
		D94371FF1DF8142F00DB7376 /* Utils */ = {
			isa = PBXGroup;
			children = (
				D943720E1DF814DE00DB7376 /* Utils.h */,
				D943720F1DF814DE00DB7376 /* Utils.m */,
			);
			name = Utils;
			sourceTree = "<group>";
		};
		D94372001DF8143500DB7376 /* Webservices */ = {
			isa = PBXGroup;
			children = (
				D943720B1DF814B900DB7376 /* MyWebservices.h */,
				D943720C1DF814B900DB7376 /* MyWebservices.m */,
			);
			name = Webservices;
			sourceTree = "<group>";
		};
		D94372011DF8144500DB7376 /* Model */ = {
			isa = PBXGroup;
			children = (
				D94372051DF8148D00DB7376 /* Data.h */,
				D94372061DF8148D00DB7376 /* Data.m */,
				D94372071DF8148D00DB7376 /* GlobalVariables.h */,
				D94372081DF8148D00DB7376 /* GlobalVariables.m */,
			);
			name = Model;
			sourceTree = "<group>";
		};
		D94372031DF8145A00DB7376 /* ViewControllers */ = {
			isa = PBXGroup;
			children = (
				D943722F1DF8153400DB7376 /* LeftMenuViewController.h */,
				D94372301DF8153400DB7376 /* LeftMenuViewController.m */,
				D94372311DF8153400DB7376 /* LoginViewController.h */,
				D94372321DF8153400DB7376 /* LoginViewController.m */,
				D94372331DF8153400DB7376 /* UnassignedTicketsViewController.h */,
				D94372341DF8153400DB7376 /* UnassignedTicketsViewController.m */,
				D94372351DF8153400DB7376 /* ClientListViewController.h */,
				D94372361DF8153400DB7376 /* ClientListViewController.m */,
				D94372371DF8153400DB7376 /* TrashTicketsViewController.h */,
				D94372381DF8153400DB7376 /* TrashTicketsViewController.m */,
				D94372391DF8153400DB7376 /* ClosedTicketsViewController.h */,
				D943723A1DF8153400DB7376 /* ClosedTicketsViewController.m */,
				D943723B1DF8153400DB7376 /* MyTicketsViewController.h */,
				D943723C1DF8153400DB7376 /* MyTicketsViewController.m */,
				D943723D1DF8153400DB7376 /* CreateTicketViewController.h */,
				D943723E1DF8153400DB7376 /* CreateTicketViewController.m */,
				D943723F1DF8153400DB7376 /* InboxViewController.h */,
				D94372401DF8153400DB7376 /* InboxViewController.m */,
				D94372411DF8153400DB7376 /* TicketDetailViewController.h */,
				D94372421DF8153400DB7376 /* TicketDetailViewController.m */,
				D94372431DF8153400DB7376 /* AboutViewController.h */,
				D94372441DF8153400DB7376 /* AboutViewController.m */,
				D94372451DF8153400DB7376 /* ClientDetailViewController.h */,
				D94372461DF8153400DB7376 /* ClientDetailViewController.m */,
				D94372471DF8153400DB7376 /* ConversationViewController.h */,
				D94372481DF8153400DB7376 /* ConversationViewController.m */,
				D94372491DF8153400DB7376 /* DetailViewController.h */,
				D943724A1DF8153400DB7376 /* DetailViewController.m */,
			);
			name = ViewControllers;
			sourceTree = "<group>";
		};
		D94372041DF8147300DB7376 /* Xibs */ = {
			isa = PBXGroup;
			children = (
				D94372111DF8151100DB7376 /* TicketTableViewCell.h */,
				D94372121DF8151100DB7376 /* TicketTableViewCell.m */,
				D94372131DF8151100DB7376 /* TicketTableViewCell.xib */,
				D94372141DF8151100DB7376 /* ClientListTableViewCell.h */,
				D94372151DF8151100DB7376 /* ClientListTableViewCell.m */,
				D94372161DF8151100DB7376 /* ClientListTableViewCell.xib */,
				D94372171DF8151100DB7376 /* ClientTicketTableViewCell.h */,
				D94372181DF8151100DB7376 /* ClientTicketTableViewCell.m */,
				D94372191DF8151100DB7376 /* ClientTicketTableViewCell.xib */,
				D943721A1DF8151100DB7376 /* ConversationTableViewCell.h */,
				D943721B1DF8151100DB7376 /* ConversationTableViewCell.m */,
				D943721C1DF8151100DB7376 /* ConversationTableViewCell.xib */,
				D943721D1DF8151100DB7376 /* OpenCloseTableViewCell.h */,
				D943721E1DF8151100DB7376 /* OpenCloseTableViewCell.m */,
				D943721F1DF8151100DB7376 /* OpenCloseTableViewCell.xib */,
				D94372201DF8151100DB7376 /* LoadingTableViewCell.h */,
				D94372211DF8151100DB7376 /* LoadingTableViewCell.m */,
				D94372221DF8151100DB7376 /* LoadingTableViewCell.xib */,
			);
			name = Xibs;
			sourceTree = "<group>";
		};
		D9787A841DF800B6009C745F = {
			isa = PBXGroup;
			children = (
				D9787A8F1DF800B6009C745F /* Faveo Helpdesk Community */,
				D9787AA91DF800B6009C745F /* Faveo Helpdesk CommunityTests */,
				D9787AB41DF800B6009C745F /* Faveo Helpdesk CommunityUITests */,
				D9787A8E1DF800B6009C745F /* Products */,
				D94371F61DF8104800DB7376 /* Frameworks */,
				2CAB3CDDF33496B489181EC7 /* Pods */,
			);
			sourceTree = "<group>";
		};
		D9787A8E1DF800B6009C745F /* Products */ = {
			isa = PBXGroup;
			children = (
				D9787A8D1DF800B6009C745F /* Faveo Helpdesk Community.app */,
				D9787AA61DF800B6009C745F /* Faveo Helpdesk CommunityTests.xctest */,
				D9787AB11DF800B6009C745F /* Faveo Helpdesk CommunityUITests.xctest */,
			);
			name = Products;
			sourceTree = "<group>";
		};
		D9787A8F1DF800B6009C745F /* Faveo Helpdesk Community */ = {
			isa = PBXGroup;
			children = (
				D94371F51DF80DD100DB7376 /* Classes */,
				D9787A901DF800B6009C745F /* Supporting Files */,
				D94371571DF8059900DB7376 /* Librarys */,
			);
			path = "Faveo Helpdesk Community";
			sourceTree = "<group>";
		};
		D9787A901DF800B6009C745F /* Supporting Files */ = {
			isa = PBXGroup;
			children = (
				D99C60601DFA7B70006FE5E5 /* countries.json */,
				D94371551DF8050800DB7376 /* faveoData.plist */,
				D9787A991DF800B6009C745F /* Main.storyboard */,
				D9787A9C1DF800B6009C745F /* Assets.xcassets */,
				D9787A9E1DF800B6009C745F /* LaunchScreen.storyboard */,
				D9787AA11DF800B6009C745F /* Info.plist */,
				D9787A911DF800B6009C745F /* main.m */,
			);
			name = "Supporting Files";
			sourceTree = "<group>";
		};
		D9787AA91DF800B6009C745F /* Faveo Helpdesk CommunityTests */ = {
			isa = PBXGroup;
			children = (
				D9787AAA1DF800B6009C745F /* Faveo_Helpdesk_CommunityTests.m */,
				D9787AAC1DF800B6009C745F /* Info.plist */,
			);
			path = "Faveo Helpdesk CommunityTests";
			sourceTree = "<group>";
		};
		D9787AB41DF800B6009C745F /* Faveo Helpdesk CommunityUITests */ = {
			isa = PBXGroup;
			children = (
				D9787AB51DF800B6009C745F /* Faveo_Helpdesk_CommunityUITests.m */,
				D9787AB71DF800B6009C745F /* Info.plist */,
			);
			path = "Faveo Helpdesk CommunityUITests";
			sourceTree = "<group>";
		};
/* End PBXGroup section */

/* Begin PBXNativeTarget section */
		D9787A8C1DF800B6009C745F /* Faveo Helpdesk Community */ = {
			isa = PBXNativeTarget;
			buildConfigurationList = D9787ABA1DF800B6009C745F /* Build configuration list for PBXNativeTarget "Faveo Helpdesk Community" */;
			buildPhases = (
				A279A4D7749BD948A8A050C6 /* [CP] Check Pods Manifest.lock */,
				D9787A891DF800B6009C745F /* Sources */,
				D9787A8A1DF800B6009C745F /* Frameworks */,
				D9787A8B1DF800B6009C745F /* Resources */,
				D9C143791DF921FD0076A5FD /* ShellScript */,
				2FB7EBE6D002C37B69A5F5E3 /* [CP] Embed Pods Frameworks */,
				AA59686D1039CCCBBA7C0A0A /* [CP] Copy Pods Resources */,
			);
			buildRules = (
			);
			dependencies = (
			);
			name = "Faveo Helpdesk Community";
			productName = "Faveo Helpdesk Community";
			productReference = D9787A8D1DF800B6009C745F /* Faveo Helpdesk Community.app */;
			productType = "com.apple.product-type.application";
		};
		D9787AA51DF800B6009C745F /* Faveo Helpdesk CommunityTests */ = {
			isa = PBXNativeTarget;
			buildConfigurationList = D9787ABD1DF800B6009C745F /* Build configuration list for PBXNativeTarget "Faveo Helpdesk CommunityTests" */;
			buildPhases = (
				D9787AA21DF800B6009C745F /* Sources */,
				D9787AA31DF800B6009C745F /* Frameworks */,
				D9787AA41DF800B6009C745F /* Resources */,
			);
			buildRules = (
			);
			dependencies = (
				D9787AA81DF800B6009C745F /* PBXTargetDependency */,
			);
			name = "Faveo Helpdesk CommunityTests";
			productName = "Faveo Helpdesk CommunityTests";
			productReference = D9787AA61DF800B6009C745F /* Faveo Helpdesk CommunityTests.xctest */;
			productType = "com.apple.product-type.bundle.unit-test";
		};
		D9787AB01DF800B6009C745F /* Faveo Helpdesk CommunityUITests */ = {
			isa = PBXNativeTarget;
			buildConfigurationList = D9787AC01DF800B6009C745F /* Build configuration list for PBXNativeTarget "Faveo Helpdesk CommunityUITests" */;
			buildPhases = (
				D9787AAD1DF800B6009C745F /* Sources */,
				D9787AAE1DF800B6009C745F /* Frameworks */,
				D9787AAF1DF800B6009C745F /* Resources */,
			);
			buildRules = (
			);
			dependencies = (
				D9787AB31DF800B6009C745F /* PBXTargetDependency */,
			);
			name = "Faveo Helpdesk CommunityUITests";
			productName = "Faveo Helpdesk CommunityUITests";
			productReference = D9787AB11DF800B6009C745F /* Faveo Helpdesk CommunityUITests.xctest */;
			productType = "com.apple.product-type.bundle.ui-testing";
		};
/* End PBXNativeTarget section */

/* Begin PBXProject section */
		D9787A851DF800B6009C745F /* Project object */ = {
			isa = PBXProject;
			attributes = {
				LastUpgradeCheck = 0810;
				ORGANIZATIONNAME = "Ladybird websolutions pvt ltd";
				TargetAttributes = {
					D9787A8C1DF800B6009C745F = {
						CreatedOnToolsVersion = 8.1;
						DevelopmentTeam = 8VY8B59STG;
						ProvisioningStyle = Manual;
					};
					D9787AA51DF800B6009C745F = {
						CreatedOnToolsVersion = 8.1;
						DevelopmentTeam = 6F87DA2D87;
						ProvisioningStyle = Automatic;
						TestTargetID = D9787A8C1DF800B6009C745F;
					};
					D9787AB01DF800B6009C745F = {
						CreatedOnToolsVersion = 8.1;
						DevelopmentTeam = 6F87DA2D87;
						ProvisioningStyle = Automatic;
						TestTargetID = D9787A8C1DF800B6009C745F;
					};
				};
			};
			buildConfigurationList = D9787A881DF800B6009C745F /* Build configuration list for PBXProject "Faveo Helpdesk Community" */;
			compatibilityVersion = "Xcode 3.2";
			developmentRegion = English;
			hasScannedForEncodings = 0;
			knownRegions = (
				en,
				Base,
			);
			mainGroup = D9787A841DF800B6009C745F;
			productRefGroup = D9787A8E1DF800B6009C745F /* Products */;
			projectDirPath = "";
			projectRoot = "";
			targets = (
				D9787A8C1DF800B6009C745F /* Faveo Helpdesk Community */,
				D9787AA51DF800B6009C745F /* Faveo Helpdesk CommunityTests */,
				D9787AB01DF800B6009C745F /* Faveo Helpdesk CommunityUITests */,
			);
		};
/* End PBXProject section */

/* Begin PBXResourcesBuildPhase section */
		D9787A8B1DF800B6009C745F /* Resources */ = {
			isa = PBXResourcesBuildPhase;
			buildActionMask = 2147483647;
			files = (
				D943722E1DF8151100DB7376 /* LoadingTableViewCell.xib in Resources */,
				D94372241DF8151100DB7376 /* TicketTableViewCell.xib in Resources */,
				D94371561DF8050800DB7376 /* faveoData.plist in Resources */,
				D943722A1DF8151100DB7376 /* ConversationTableViewCell.xib in Resources */,
				D9787AA01DF800B6009C745F /* LaunchScreen.storyboard in Resources */,
				D94372281DF8151100DB7376 /* ClientTicketTableViewCell.xib in Resources */,
				D94372261DF8151100DB7376 /* ClientListTableViewCell.xib in Resources */,
				D9787A9D1DF800B6009C745F /* Assets.xcassets in Resources */,
				D99C60611DFA7B70006FE5E5 /* countries.json in Resources */,
				D943722C1DF8151100DB7376 /* OpenCloseTableViewCell.xib in Resources */,
				D9787A9B1DF800B6009C745F /* Main.storyboard in Resources */,
			);
			runOnlyForDeploymentPostprocessing = 0;
		};
		D9787AA41DF800B6009C745F /* Resources */ = {
			isa = PBXResourcesBuildPhase;
			buildActionMask = 2147483647;
			files = (
			);
			runOnlyForDeploymentPostprocessing = 0;
		};
		D9787AAF1DF800B6009C745F /* Resources */ = {
			isa = PBXResourcesBuildPhase;
			buildActionMask = 2147483647;
			files = (
			);
			runOnlyForDeploymentPostprocessing = 0;
		};
/* End PBXResourcesBuildPhase section */

/* Begin PBXShellScriptBuildPhase section */
		2FB7EBE6D002C37B69A5F5E3 /* [CP] Embed Pods Frameworks */ = {
			isa = PBXShellScriptBuildPhase;
			buildActionMask = 2147483647;
			files = (
			);
			inputPaths = (
			);
			name = "[CP] Embed Pods Frameworks";
			outputPaths = (
			);
			runOnlyForDeploymentPostprocessing = 0;
			shellPath = /bin/sh;
			shellScript = "\"${SRCROOT}/Pods/Target Support Files/Pods-Faveo Helpdesk Community/Pods-Faveo Helpdesk Community-frameworks.sh\"\n";
			showEnvVarsInLog = 0;
		};
		A279A4D7749BD948A8A050C6 /* [CP] Check Pods Manifest.lock */ = {
			isa = PBXShellScriptBuildPhase;
			buildActionMask = 2147483647;
			files = (
			);
			inputPaths = (
			);
			name = "[CP] Check Pods Manifest.lock";
			outputPaths = (
			);
			runOnlyForDeploymentPostprocessing = 0;
			shellPath = /bin/sh;
			shellScript = "diff \"${PODS_ROOT}/../Podfile.lock\" \"${PODS_ROOT}/Manifest.lock\" > /dev/null\nif [ $? != 0 ] ; then\n    # print error to STDERR\n    echo \"error: The sandbox is not in sync with the Podfile.lock. Run 'pod install' or update your CocoaPods installation.\" >&2\n    exit 1\nfi\n";
			showEnvVarsInLog = 0;
		};
		AA59686D1039CCCBBA7C0A0A /* [CP] Copy Pods Resources */ = {
			isa = PBXShellScriptBuildPhase;
			buildActionMask = 2147483647;
			files = (
			);
			inputPaths = (
			);
			name = "[CP] Copy Pods Resources";
			outputPaths = (
			);
			runOnlyForDeploymentPostprocessing = 0;
			shellPath = /bin/sh;
			shellScript = "\"${SRCROOT}/Pods/Target Support Files/Pods-Faveo Helpdesk Community/Pods-Faveo Helpdesk Community-resources.sh\"\n";
			showEnvVarsInLog = 0;
		};
		D9C143791DF921FD0076A5FD /* ShellScript */ = {
			isa = PBXShellScriptBuildPhase;
			buildActionMask = 2147483647;
			files = (
			);
			inputPaths = (
			);
			outputPaths = (
			);
			runOnlyForDeploymentPostprocessing = 0;
			shellPath = /bin/sh;
			shellScript = "\"${PODS_ROOT}/Fabric/run\" 3d31c3fca25cb228d17bfa05856d933d97e90db1 67564a3dc39ee26711efe06322fa00b99e69a63e26e5d755afe7339b6f22ceb1";
		};
/* End PBXShellScriptBuildPhase section */

/* Begin PBXSourcesBuildPhase section */
		D9787A891DF800B6009C745F /* Sources */ = {
			isa = PBXSourcesBuildPhase;
			buildActionMask = 2147483647;
			files = (
				D943724C1DF8153400DB7376 /* LoginViewController.m in Sources */,
				D94371AD1DF8064200DB7376 /* Reachability.m in Sources */,
				D94372561DF8153400DB7376 /* ClientDetailViewController.m in Sources */,
				D94372501DF8153400DB7376 /* ClosedTicketsViewController.m in Sources */,
				D94372291DF8151100DB7376 /* ConversationTableViewCell.m in Sources */,
				D943720A1DF8148D00DB7376 /* GlobalVariables.m in Sources */,
				D943724F1DF8153400DB7376 /* TrashTicketsViewController.m in Sources */,
				D94371EB1DF80C2700DB7376 /* SlideNavigationContorllerAnimatorSlide.m in Sources */,
				D94372271DF8151100DB7376 /* ClientTicketTableViewCell.m in Sources */,
				D94372101DF814DE00DB7376 /* Utils.m in Sources */,
				D94372551DF8153400DB7376 /* AboutViewController.m in Sources */,
				D94372091DF8148D00DB7376 /* Data.m in Sources */,
				D94371E91DF80C2700DB7376 /* SlideNavigationContorllerAnimatorScale.m in Sources */,
				D94372541DF8153400DB7376 /* TicketDetailViewController.m in Sources */,
				D94371E71DF80C2700DB7376 /* SlideNavigationController.m in Sources */,
				D943722B1DF8151100DB7376 /* OpenCloseTableViewCell.m in Sources */,
				D94371EC1DF80C2700DB7376 /* SlideNavigationContorllerAnimatorSlideAndFade.m in Sources */,
				D943724E1DF8153400DB7376 /* ClientListViewController.m in Sources */,
				D9787A951DF800B6009C745F /* AppDelegate.m in Sources */,
				D94372511DF8153400DB7376 /* MyTicketsViewController.m in Sources */,
				D943724B1DF8153400DB7376 /* LeftMenuViewController.m in Sources */,
				D94372521DF8153400DB7376 /* CreateTicketViewController.m in Sources */,
				D94372531DF8153400DB7376 /* InboxViewController.m in Sources */,
				D94372251DF8151100DB7376 /* ClientListTableViewCell.m in Sources */,
				D943720D1DF814B900DB7376 /* MyWebservices.m in Sources */,
				D94372231DF8151100DB7376 /* TicketTableViewCell.m in Sources */,
				D94372581DF8153400DB7376 /* DetailViewController.m in Sources */,
				D9787A921DF800B6009C745F /* main.m in Sources */,
				D94371E81DF80C2700DB7376 /* SlideNavigationContorllerAnimatorFade.m in Sources */,
				D94371EA1DF80C2700DB7376 /* SlideNavigationContorllerAnimatorScaleAndFade.m in Sources */,
				D943724D1DF8153400DB7376 /* UnassignedTicketsViewController.m in Sources */,
				D943722D1DF8151100DB7376 /* LoadingTableViewCell.m in Sources */,
				D94372571DF8153400DB7376 /* ConversationViewController.m in Sources */,
				D94371F41DF80DA300DB7376 /* NetworkApi.m in Sources */,
			);
			runOnlyForDeploymentPostprocessing = 0;
		};
		D9787AA21DF800B6009C745F /* Sources */ = {
			isa = PBXSourcesBuildPhase;
			buildActionMask = 2147483647;
			files = (
				D9787AAB1DF800B6009C745F /* Faveo_Helpdesk_CommunityTests.m in Sources */,
			);
			runOnlyForDeploymentPostprocessing = 0;
		};
		D9787AAD1DF800B6009C745F /* Sources */ = {
			isa = PBXSourcesBuildPhase;
			buildActionMask = 2147483647;
			files = (
				D9787AB61DF800B6009C745F /* Faveo_Helpdesk_CommunityUITests.m in Sources */,
			);
			runOnlyForDeploymentPostprocessing = 0;
		};
/* End PBXSourcesBuildPhase section */

/* Begin PBXTargetDependency section */
		D9787AA81DF800B6009C745F /* PBXTargetDependency */ = {
			isa = PBXTargetDependency;
			target = D9787A8C1DF800B6009C745F /* Faveo Helpdesk Community */;
			targetProxy = D9787AA71DF800B6009C745F /* PBXContainerItemProxy */;
		};
		D9787AB31DF800B6009C745F /* PBXTargetDependency */ = {
			isa = PBXTargetDependency;
			target = D9787A8C1DF800B6009C745F /* Faveo Helpdesk Community */;
			targetProxy = D9787AB21DF800B6009C745F /* PBXContainerItemProxy */;
		};
/* End PBXTargetDependency section */

/* Begin PBXVariantGroup section */
		D9787A991DF800B6009C745F /* Main.storyboard */ = {
			isa = PBXVariantGroup;
			children = (
				D9787A9A1DF800B6009C745F /* Base */,
			);
			name = Main.storyboard;
			sourceTree = "<group>";
		};
		D9787A9E1DF800B6009C745F /* LaunchScreen.storyboard */ = {
			isa = PBXVariantGroup;
			children = (
				D9787A9F1DF800B6009C745F /* Base */,
			);
			name = LaunchScreen.storyboard;
			sourceTree = "<group>";
		};
/* End PBXVariantGroup section */

/* Begin XCBuildConfiguration section */
		D9787AB81DF800B6009C745F /* Debug */ = {
			isa = XCBuildConfiguration;
			buildSettings = {
				ALWAYS_SEARCH_USER_PATHS = NO;
				CLANG_ANALYZER_NONNULL = YES;
				CLANG_CXX_LANGUAGE_STANDARD = "gnu++0x";
				CLANG_CXX_LIBRARY = "libc++";
				CLANG_ENABLE_MODULES = YES;
				CLANG_ENABLE_OBJC_ARC = YES;
				CLANG_WARN_BOOL_CONVERSION = YES;
				CLANG_WARN_CONSTANT_CONVERSION = YES;
				CLANG_WARN_DIRECT_OBJC_ISA_USAGE = YES_ERROR;
				CLANG_WARN_DOCUMENTATION_COMMENTS = YES;
				CLANG_WARN_EMPTY_BODY = YES;
				CLANG_WARN_ENUM_CONVERSION = YES;
				CLANG_WARN_INFINITE_RECURSION = YES;
				CLANG_WARN_INT_CONVERSION = YES;
				CLANG_WARN_OBJC_ROOT_CLASS = YES_ERROR;
				CLANG_WARN_SUSPICIOUS_MOVE = YES;
				CLANG_WARN_SUSPICIOUS_MOVES = YES;
				CLANG_WARN_UNREACHABLE_CODE = YES;
				CLANG_WARN__DUPLICATE_METHOD_MATCH = YES;
				CODE_SIGN_IDENTITY = "iPhone Developer: narendra baratam (BCU77U4N5P)";
				"CODE_SIGN_IDENTITY[sdk=iphoneos*]" = "iPhone Developer: narendra baratam (BCU77U4N5P)";
				COPY_PHASE_STRIP = NO;
				DEBUG_INFORMATION_FORMAT = dwarf;
				ENABLE_STRICT_OBJC_MSGSEND = YES;
				ENABLE_TESTABILITY = YES;
				GCC_C_LANGUAGE_STANDARD = gnu99;
				GCC_DYNAMIC_NO_PIC = NO;
				GCC_NO_COMMON_BLOCKS = YES;
				GCC_OPTIMIZATION_LEVEL = 0;
				GCC_PREPROCESSOR_DEFINITIONS = (
					"DEBUG=1",
					"$(inherited)",
				);
				GCC_WARN_64_TO_32_BIT_CONVERSION = YES;
				GCC_WARN_ABOUT_RETURN_TYPE = YES_ERROR;
				GCC_WARN_UNDECLARED_SELECTOR = YES;
				GCC_WARN_UNINITIALIZED_AUTOS = YES_AGGRESSIVE;
				GCC_WARN_UNUSED_FUNCTION = YES;
				GCC_WARN_UNUSED_VARIABLE = YES;
				IPHONEOS_DEPLOYMENT_TARGET = 10.2;
				MTL_ENABLE_DEBUG_INFO = YES;
				ONLY_ACTIVE_ARCH = YES;
				PROVISIONING_PROFILE = "";
				SDKROOT = iphoneos;
				TARGETED_DEVICE_FAMILY = "1,2";
			};
			name = Debug;
		};
		D9787AB91DF800B6009C745F /* Release */ = {
			isa = XCBuildConfiguration;
			buildSettings = {
				ALWAYS_SEARCH_USER_PATHS = NO;
				CLANG_ANALYZER_NONNULL = YES;
				CLANG_CXX_LANGUAGE_STANDARD = "gnu++0x";
				CLANG_CXX_LIBRARY = "libc++";
				CLANG_ENABLE_MODULES = YES;
				CLANG_ENABLE_OBJC_ARC = YES;
				CLANG_WARN_BOOL_CONVERSION = YES;
				CLANG_WARN_CONSTANT_CONVERSION = YES;
				CLANG_WARN_DIRECT_OBJC_ISA_USAGE = YES_ERROR;
				CLANG_WARN_DOCUMENTATION_COMMENTS = YES;
				CLANG_WARN_EMPTY_BODY = YES;
				CLANG_WARN_ENUM_CONVERSION = YES;
				CLANG_WARN_INFINITE_RECURSION = YES;
				CLANG_WARN_INT_CONVERSION = YES;
				CLANG_WARN_OBJC_ROOT_CLASS = YES_ERROR;
				CLANG_WARN_SUSPICIOUS_MOVE = YES;
				CLANG_WARN_SUSPICIOUS_MOVES = YES;
				CLANG_WARN_UNREACHABLE_CODE = YES;
				CLANG_WARN__DUPLICATE_METHOD_MATCH = YES;
				CODE_SIGN_IDENTITY = "iPhone Distribution: Ladybird Web Solution Private Limited (8VY8B59STG)";
				"CODE_SIGN_IDENTITY[sdk=iphoneos*]" = "iPhone Distribution: Ladybird Web Solution Private Limited (8VY8B59STG)";
				COPY_PHASE_STRIP = NO;
				DEBUG_INFORMATION_FORMAT = "dwarf-with-dsym";
				ENABLE_NS_ASSERTIONS = NO;
				ENABLE_STRICT_OBJC_MSGSEND = YES;
				GCC_C_LANGUAGE_STANDARD = gnu99;
				GCC_NO_COMMON_BLOCKS = YES;
				GCC_WARN_64_TO_32_BIT_CONVERSION = YES;
				GCC_WARN_ABOUT_RETURN_TYPE = YES_ERROR;
				GCC_WARN_UNDECLARED_SELECTOR = YES;
				GCC_WARN_UNINITIALIZED_AUTOS = YES_AGGRESSIVE;
				GCC_WARN_UNUSED_FUNCTION = YES;
				GCC_WARN_UNUSED_VARIABLE = YES;
				IPHONEOS_DEPLOYMENT_TARGET = 10.2;
				MTL_ENABLE_DEBUG_INFO = NO;
				PROVISIONING_PROFILE = "";
				SDKROOT = iphoneos;
				TARGETED_DEVICE_FAMILY = "1,2";
				VALIDATE_PRODUCT = YES;
			};
			name = Release;
		};
		D9787ABB1DF800B6009C745F /* Debug */ = {
			isa = XCBuildConfiguration;
			baseConfigurationReference = CCCC239757CE7B543ACA6EFF /* Pods-Faveo Helpdesk Community.debug.xcconfig */;
			buildSettings = {
				ASSETCATALOG_COMPILER_APPICON_NAME = AppIcon;
				ASSETCATALOG_COMPILER_LAUNCHIMAGE_NAME = LaunchImage;
				CODE_SIGN_IDENTITY = "iPhone Developer: narendra baratam (BCU77U4N5P)";
				"CODE_SIGN_IDENTITY[sdk=iphoneos*]" = "iPhone Developer: narendra baratam (BCU77U4N5P)";
				DEVELOPMENT_TEAM = 8VY8B59STG;
				INFOPLIST_FILE = "Faveo Helpdesk Community/Info.plist";
				IPHONEOS_DEPLOYMENT_TARGET = 8.1;
				LD_RUNPATH_SEARCH_PATHS = "$(inherited) @executable_path/Frameworks";
				PRODUCT_BUNDLE_IDENTIFIER = com.ladybirdwebsolutions.FaveoHelpdeskCommunity;
				PRODUCT_NAME = "$(TARGET_NAME)";
				PROVISIONING_PROFILE = "f28ec55b-5ef7-4306-9b8c-0499cfb7eddf";
				PROVISIONING_PROFILE_SPECIFIER = "Faveo Helpdesk Pro Dev 1";
				TARGETED_DEVICE_FAMILY = 1;
			};
			name = Debug;
		};
		D9787ABC1DF800B6009C745F /* Release */ = {
			isa = XCBuildConfiguration;
			baseConfigurationReference = 915F307D68DBDCCB69A2FBFB /* Pods-Faveo Helpdesk Community.release.xcconfig */;
			buildSettings = {
				ASSETCATALOG_COMPILER_APPICON_NAME = AppIcon;
				ASSETCATALOG_COMPILER_LAUNCHIMAGE_NAME = LaunchImage;
				CODE_SIGN_IDENTITY = "iPhone Distribution: Ladybird Web Solution Private Limited (8VY8B59STG)";
				"CODE_SIGN_IDENTITY[sdk=iphoneos*]" = "iPhone Distribution: Ladybird Web Solution Private Limited (8VY8B59STG)";
				DEVELOPMENT_TEAM = 8VY8B59STG;
				INFOPLIST_FILE = "Faveo Helpdesk Community/Info.plist";
				IPHONEOS_DEPLOYMENT_TARGET = 8.1;
				LD_RUNPATH_SEARCH_PATHS = "$(inherited) @executable_path/Frameworks";
				PRODUCT_BUNDLE_IDENTIFIER = com.ladybirdwebsolutions.FaveoHelpdeskCommunity;
				PRODUCT_NAME = "$(TARGET_NAME)";
				PROVISIONING_PROFILE = "be1fbbcf-6898-42bf-ae4f-059cc09b3d8f";
				PROVISIONING_PROFILE_SPECIFIER = "Faveo Heldpesk Community dis";
				TARGETED_DEVICE_FAMILY = 1;
			};
			name = Release;
		};
		D9787ABE1DF800B6009C745F /* Debug */ = {
			isa = XCBuildConfiguration;
			buildSettings = {
				BUNDLE_LOADER = "$(TEST_HOST)";
				DEVELOPMENT_TEAM = 6F87DA2D87;
				INFOPLIST_FILE = "Faveo Helpdesk CommunityTests/Info.plist";
				LD_RUNPATH_SEARCH_PATHS = "$(inherited) @executable_path/Frameworks @loader_path/Frameworks";
				PRODUCT_BUNDLE_IDENTIFIER = "com.ladybirdwebsolutions.Faveo-Helpdesk-CommunityTests";
				PRODUCT_NAME = "$(TARGET_NAME)";
				TEST_HOST = "$(BUILT_PRODUCTS_DIR)/Faveo Helpdesk Community.app/Faveo Helpdesk Community";
			};
			name = Debug;
		};
		D9787ABF1DF800B6009C745F /* Release */ = {
			isa = XCBuildConfiguration;
			buildSettings = {
				BUNDLE_LOADER = "$(TEST_HOST)";
				DEVELOPMENT_TEAM = 6F87DA2D87;
				INFOPLIST_FILE = "Faveo Helpdesk CommunityTests/Info.plist";
				LD_RUNPATH_SEARCH_PATHS = "$(inherited) @executable_path/Frameworks @loader_path/Frameworks";
				PRODUCT_BUNDLE_IDENTIFIER = "com.ladybirdwebsolutions.Faveo-Helpdesk-CommunityTests";
				PRODUCT_NAME = "$(TARGET_NAME)";
				TEST_HOST = "$(BUILT_PRODUCTS_DIR)/Faveo Helpdesk Community.app/Faveo Helpdesk Community";
			};
			name = Release;
		};
		D9787AC11DF800B6009C745F /* Debug */ = {
			isa = XCBuildConfiguration;
			buildSettings = {
				DEVELOPMENT_TEAM = 6F87DA2D87;
				INFOPLIST_FILE = "Faveo Helpdesk CommunityUITests/Info.plist";
				LD_RUNPATH_SEARCH_PATHS = "$(inherited) @executable_path/Frameworks @loader_path/Frameworks";
				PRODUCT_BUNDLE_IDENTIFIER = "com.ladybirdwebsolutions.Faveo-Helpdesk-CommunityUITests";
				PRODUCT_NAME = "$(TARGET_NAME)";
				TEST_TARGET_NAME = "Faveo Helpdesk Community";
			};
			name = Debug;
		};
		D9787AC21DF800B6009C745F /* Release */ = {
			isa = XCBuildConfiguration;
			buildSettings = {
				DEVELOPMENT_TEAM = 6F87DA2D87;
				INFOPLIST_FILE = "Faveo Helpdesk CommunityUITests/Info.plist";
				LD_RUNPATH_SEARCH_PATHS = "$(inherited) @executable_path/Frameworks @loader_path/Frameworks";
				PRODUCT_BUNDLE_IDENTIFIER = "com.ladybirdwebsolutions.Faveo-Helpdesk-CommunityUITests";
				PRODUCT_NAME = "$(TARGET_NAME)";
				TEST_TARGET_NAME = "Faveo Helpdesk Community";
			};
			name = Release;
		};
/* End XCBuildConfiguration section */

/* Begin XCConfigurationList section */
		D9787A881DF800B6009C745F /* Build configuration list for PBXProject "Faveo Helpdesk Community" */ = {
			isa = XCConfigurationList;
			buildConfigurations = (
				D9787AB81DF800B6009C745F /* Debug */,
				D9787AB91DF800B6009C745F /* Release */,
			);
			defaultConfigurationIsVisible = 0;
			defaultConfigurationName = Release;
		};
		D9787ABA1DF800B6009C745F /* Build configuration list for PBXNativeTarget "Faveo Helpdesk Community" */ = {
			isa = XCConfigurationList;
			buildConfigurations = (
				D9787ABB1DF800B6009C745F /* Debug */,
				D9787ABC1DF800B6009C745F /* Release */,
			);
			defaultConfigurationIsVisible = 0;
			defaultConfigurationName = Release;
		};
		D9787ABD1DF800B6009C745F /* Build configuration list for PBXNativeTarget "Faveo Helpdesk CommunityTests" */ = {
			isa = XCConfigurationList;
			buildConfigurations = (
				D9787ABE1DF800B6009C745F /* Debug */,
				D9787ABF1DF800B6009C745F /* Release */,
			);
			defaultConfigurationIsVisible = 0;
			defaultConfigurationName = Release;
		};
		D9787AC01DF800B6009C745F /* Build configuration list for PBXNativeTarget "Faveo Helpdesk CommunityUITests" */ = {
			isa = XCConfigurationList;
			buildConfigurations = (
				D9787AC11DF800B6009C745F /* Debug */,
				D9787AC21DF800B6009C745F /* Release */,
			);
			defaultConfigurationIsVisible = 0;
			defaultConfigurationName = Release;
		};
/* End XCConfigurationList section */
	};
	rootObject = D9787A851DF800B6009C745F /* Project object */;
}
